
Microsoft Visual Studio Solution File, Format Version 12.00
# Visual Studio Version 17
VisualStudioVersion = 17.0.31912.275
MinimumVisualStudioVersion = 10.0.40219.1
Project("{9A19103F-16F7-4668-BE54-9A1E7A4F7556}") = "EP01.TheImitationGame", "EP01.TheImitationGame\EP01.TheImitationGame.csproj", "{3E5C85C2-56DD-4AD7-89F5-4D1279F65F4F}"
EndProject
Project("{FAE04EC0-301F-11D3-BF4B-00C04F79EFBC}") = "EP02.DestinationMapper", "EP02.DestinationMapper\EP02.DestinationMapper.csproj", "{3A823543-D33E-4C42-AB76-027698C9A955}"
EndProject
Project("{FAE04EC0-301F-11D3-BF4B-00C04F79EFBC}") = "EP03.NeedForSpeedIII", "EP03.NeedForSpeedIII\EP03.NeedForSpeedIII.csproj", "{C971ED1E-ACFD-43C2-9EB7-CC627E2E37EE}"
EndProject
Global
	GlobalSection(SolutionConfigurationPlatforms) = preSolution
		Debug|Any CPU = Debug|Any CPU
		Release|Any CPU = Release|Any CPU
	EndGlobalSection
	GlobalSection(ProjectConfigurationPlatforms) = postSolution
		{3E5C85C2-56DD-4AD7-89F5-4D1279F65F4F}.Debug|Any CPU.ActiveCfg = Debug|Any CPU
		{3E5C85C2-56DD-4AD7-89F5-4D1279F65F4F}.Debug|Any CPU.Build.0 = Debug|Any CPU
		{3E5C85C2-56DD-4AD7-89F5-4D1279F65F4F}.Release|Any CPU.ActiveCfg = Release|Any CPU
		{3E5C85C2-56DD-4AD7-89F5-4D1279F65F4F}.Release|Any CPU.Build.0 = Release|Any CPU
		{3A823543-D33E-4C42-AB76-027698C9A955}.Debug|Any CPU.ActiveCfg = Debug|Any CPU
		{3A823543-D33E-4C42-AB76-027698C9A955}.Debug|Any CPU.Build.0 = Debug|Any CPU
		{3A823543-D33E-4C42-AB76-027698C9A955}.Release|Any CPU.ActiveCfg = Release|Any CPU
		{3A823543-D33E-4C42-AB76-027698C9A955}.Release|Any CPU.Build.0 = Release|Any CPU
		{C971ED1E-ACFD-43C2-9EB7-CC627E2E37EE}.Debug|Any CPU.ActiveCfg = Debug|Any CPU
		{C971ED1E-ACFD-43C2-9EB7-CC627E2E37EE}.Debug|Any CPU.Build.0 = Debug|Any CPU
		{C971ED1E-ACFD-43C2-9EB7-CC627E2E37EE}.Release|Any CPU.ActiveCfg = Release|Any CPU
		{C971ED1E-ACFD-43C2-9EB7-CC627E2E37EE}.Release|Any CPU.Build.0 = Release|Any CPU
	EndGlobalSection
	GlobalSection(SolutionProperties) = preSolution
		HideSolutionNode = FALSE
	EndGlobalSection
	GlobalSection(ExtensibilityGlobals) = postSolution
		SolutionGuid = {CE68A6A7-8FC2-4846-966B-23D6BD9D6A55}
	EndGlobalSection
EndGlobal
