
Microsoft Visual Studio Solution File, Format Version 12.00
# Visual Studio Version 17
VisualStudioVersion = 17.3.32811.315
MinimumVisualStudioVersion = 10.0.40219.1
Project("{9A19103F-16F7-4668-BE54-9A1E7A4F7556}") = "BellmanFordAlgorithm", "BellmanFordAlgorithm\BellmanFordAlgorithm.csproj", "{3081FB0B-EA0D-4388-8F15-B0269FFE7D62}"
EndProject
Project("{FAE04EC0-301F-11D3-BF4B-00C04F79EFBC}") = "LongestPath", "LongestPath\LongestPath.csproj", "{79D9B5B4-54F4-4B6E-8DA8-D6A336920F33}"
EndProject
Global
	GlobalSection(SolutionConfigurationPlatforms) = preSolution
		Debug|Any CPU = Debug|Any CPU
		Release|Any CPU = Release|Any CPU
	EndGlobalSection
	GlobalSection(ProjectConfigurationPlatforms) = postSolution
		{3081FB0B-EA0D-4388-8F15-B0269FFE7D62}.Debug|Any CPU.ActiveCfg = Debug|Any CPU
		{3081FB0B-EA0D-4388-8F15-B0269FFE7D62}.Debug|Any CPU.Build.0 = Debug|Any CPU
		{3081FB0B-EA0D-4388-8F15-B0269FFE7D62}.Release|Any CPU.ActiveCfg = Release|Any CPU
		{3081FB0B-EA0D-4388-8F15-B0269FFE7D62}.Release|Any CPU.Build.0 = Release|Any CPU
		{79D9B5B4-54F4-4B6E-8DA8-D6A336920F33}.Debug|Any CPU.ActiveCfg = Debug|Any CPU
		{79D9B5B4-54F4-4B6E-8DA8-D6A336920F33}.Debug|Any CPU.Build.0 = Debug|Any CPU
		{79D9B5B4-54F4-4B6E-8DA8-D6A336920F33}.Release|Any CPU.ActiveCfg = Release|Any CPU
		{79D9B5B4-54F4-4B6E-8DA8-D6A336920F33}.Release|Any CPU.Build.0 = Release|Any CPU
	EndGlobalSection
	GlobalSection(SolutionProperties) = preSolution
		HideSolutionNode = FALSE
	EndGlobalSection
	GlobalSection(ExtensibilityGlobals) = postSolution
		SolutionGuid = {A587604E-234B-49EB-A741-677D3B6836D5}
	EndGlobalSection
EndGlobal
