
Microsoft Visual Studio Solution File, Format Version 12.00
# Visual Studio Version 16
VisualStudioVersion = 16.0.810.9
MinimumVisualStudioVersion = 10.0.40219.1
Project("{FAE04EC0-301F-11D3-BF4B-00C04F79EFBC}") = "E01.Train", "E01.Train\E01.Train.csproj", "{CBA74ACE-53D9-4A56-A27F-11FFF96562B5}"
EndProject
Project("{FAE04EC0-301F-11D3-BF4B-00C04F79EFBC}") = "E02.CommonElements", "E02.CommonElements\E02.CommonElements.csproj", "{1C7C5129-9D38-4CF1-B842-3EDB81D6124A}"
EndProject
Project("{FAE04EC0-301F-11D3-BF4B-00C04F79EFBC}") = "E03.ZigZagArrays", "E03.ZigZagArrays\E03.ZigZagArrays.csproj", "{6D12327C-274F-485F-9C67-C81F2EDCF635}"
EndProject
Project("{FAE04EC0-301F-11D3-BF4B-00C04F79EFBC}") = "E04.ArrayRotation", "E04.ArrayRotation\E04.ArrayRotation.csproj", "{A24201A3-ED30-4B3E-A2CE-7F301177CAD3}"
EndProject
Project("{FAE04EC0-301F-11D3-BF4B-00C04F79EFBC}") = "E05.TopIntegers", "E05.TopIntegers\E05.TopIntegers.csproj", "{6819A88C-AC19-4E58-98F0-C059D8440948}"
EndProject
Project("{FAE04EC0-301F-11D3-BF4B-00C04F79EFBC}") = "E06.EqualSum", "E06.EqualSum\E06.EqualSum.csproj", "{C0F3D785-1BCD-4831-B9FA-EF73CE0B5E32}"
EndProject
Project("{FAE04EC0-301F-11D3-BF4B-00C04F79EFBC}") = "E07.MaxSequenceEqualElements", "E07.MaxSequenceEqualElements\E07.MaxSequenceEqualElements.csproj", "{8A9DBAEA-0EEF-4EEE-ABED-0D889BAD375E}"
EndProject
Project("{FAE04EC0-301F-11D3-BF4B-00C04F79EFBC}") = "E08.MagicSum", "E08.MagicSum\E08.MagicSum.csproj", "{D6E887FE-D798-4694-8F55-326BD458A809}"
EndProject
Project("{FAE04EC0-301F-11D3-BF4B-00C04F79EFBC}") = "E09.KaminoFactory", "E09.KaminoFactory\E09.KaminoFactory.csproj", "{3BC24CA8-9C5F-4A81-BD00-75ED068E7CDA}"
EndProject
Project("{FAE04EC0-301F-11D3-BF4B-00C04F79EFBC}") = "E10.LadyBugs", "E10.LadyBugs\E10.LadyBugs.csproj", "{1A15AA53-D1EF-4319-9101-DE4C239A77BE}"
EndProject
Global
	GlobalSection(SolutionConfigurationPlatforms) = preSolution
		Debug|Any CPU = Debug|Any CPU
		Release|Any CPU = Release|Any CPU
	EndGlobalSection
	GlobalSection(ProjectConfigurationPlatforms) = postSolution
		{CBA74ACE-53D9-4A56-A27F-11FFF96562B5}.Debug|Any CPU.ActiveCfg = Debug|Any CPU
		{CBA74ACE-53D9-4A56-A27F-11FFF96562B5}.Debug|Any CPU.Build.0 = Debug|Any CPU
		{CBA74ACE-53D9-4A56-A27F-11FFF96562B5}.Release|Any CPU.ActiveCfg = Release|Any CPU
		{CBA74ACE-53D9-4A56-A27F-11FFF96562B5}.Release|Any CPU.Build.0 = Release|Any CPU
		{1C7C5129-9D38-4CF1-B842-3EDB81D6124A}.Debug|Any CPU.ActiveCfg = Debug|Any CPU
		{1C7C5129-9D38-4CF1-B842-3EDB81D6124A}.Debug|Any CPU.Build.0 = Debug|Any CPU
		{1C7C5129-9D38-4CF1-B842-3EDB81D6124A}.Release|Any CPU.ActiveCfg = Release|Any CPU
		{1C7C5129-9D38-4CF1-B842-3EDB81D6124A}.Release|Any CPU.Build.0 = Release|Any CPU
		{6D12327C-274F-485F-9C67-C81F2EDCF635}.Debug|Any CPU.ActiveCfg = Debug|Any CPU
		{6D12327C-274F-485F-9C67-C81F2EDCF635}.Debug|Any CPU.Build.0 = Debug|Any CPU
		{6D12327C-274F-485F-9C67-C81F2EDCF635}.Release|Any CPU.ActiveCfg = Release|Any CPU
		{6D12327C-274F-485F-9C67-C81F2EDCF635}.Release|Any CPU.Build.0 = Release|Any CPU
		{A24201A3-ED30-4B3E-A2CE-7F301177CAD3}.Debug|Any CPU.ActiveCfg = Debug|Any CPU
		{A24201A3-ED30-4B3E-A2CE-7F301177CAD3}.Debug|Any CPU.Build.0 = Debug|Any CPU
		{A24201A3-ED30-4B3E-A2CE-7F301177CAD3}.Release|Any CPU.ActiveCfg = Release|Any CPU
		{A24201A3-ED30-4B3E-A2CE-7F301177CAD3}.Release|Any CPU.Build.0 = Release|Any CPU
		{6819A88C-AC19-4E58-98F0-C059D8440948}.Debug|Any CPU.ActiveCfg = Debug|Any CPU
		{6819A88C-AC19-4E58-98F0-C059D8440948}.Debug|Any CPU.Build.0 = Debug|Any CPU
		{6819A88C-AC19-4E58-98F0-C059D8440948}.Release|Any CPU.ActiveCfg = Release|Any CPU
		{6819A88C-AC19-4E58-98F0-C059D8440948}.Release|Any CPU.Build.0 = Release|Any CPU
		{C0F3D785-1BCD-4831-B9FA-EF73CE0B5E32}.Debug|Any CPU.ActiveCfg = Debug|Any CPU
		{C0F3D785-1BCD-4831-B9FA-EF73CE0B5E32}.Debug|Any CPU.Build.0 = Debug|Any CPU
		{C0F3D785-1BCD-4831-B9FA-EF73CE0B5E32}.Release|Any CPU.ActiveCfg = Release|Any CPU
		{C0F3D785-1BCD-4831-B9FA-EF73CE0B5E32}.Release|Any CPU.Build.0 = Release|Any CPU
		{8A9DBAEA-0EEF-4EEE-ABED-0D889BAD375E}.Debug|Any CPU.ActiveCfg = Debug|Any CPU
		{8A9DBAEA-0EEF-4EEE-ABED-0D889BAD375E}.Debug|Any CPU.Build.0 = Debug|Any CPU
		{8A9DBAEA-0EEF-4EEE-ABED-0D889BAD375E}.Release|Any CPU.ActiveCfg = Release|Any CPU
		{8A9DBAEA-0EEF-4EEE-ABED-0D889BAD375E}.Release|Any CPU.Build.0 = Release|Any CPU
		{D6E887FE-D798-4694-8F55-326BD458A809}.Debug|Any CPU.ActiveCfg = Debug|Any CPU
		{D6E887FE-D798-4694-8F55-326BD458A809}.Debug|Any CPU.Build.0 = Debug|Any CPU
		{D6E887FE-D798-4694-8F55-326BD458A809}.Release|Any CPU.ActiveCfg = Release|Any CPU
		{D6E887FE-D798-4694-8F55-326BD458A809}.Release|Any CPU.Build.0 = Release|Any CPU
		{3BC24CA8-9C5F-4A81-BD00-75ED068E7CDA}.Debug|Any CPU.ActiveCfg = Debug|Any CPU
		{3BC24CA8-9C5F-4A81-BD00-75ED068E7CDA}.Debug|Any CPU.Build.0 = Debug|Any CPU
		{3BC24CA8-9C5F-4A81-BD00-75ED068E7CDA}.Release|Any CPU.ActiveCfg = Release|Any CPU
		{3BC24CA8-9C5F-4A81-BD00-75ED068E7CDA}.Release|Any CPU.Build.0 = Release|Any CPU
		{1A15AA53-D1EF-4319-9101-DE4C239A77BE}.Debug|Any CPU.ActiveCfg = Debug|Any CPU
		{1A15AA53-D1EF-4319-9101-DE4C239A77BE}.Debug|Any CPU.Build.0 = Debug|Any CPU
		{1A15AA53-D1EF-4319-9101-DE4C239A77BE}.Release|Any CPU.ActiveCfg = Release|Any CPU
		{1A15AA53-D1EF-4319-9101-DE4C239A77BE}.Release|Any CPU.Build.0 = Release|Any CPU
	EndGlobalSection
	GlobalSection(SolutionProperties) = preSolution
		HideSolutionNode = FALSE
	EndGlobalSection
	GlobalSection(ExtensibilityGlobals) = postSolution
		SolutionGuid = {DE49E4EE-49AC-4B1C-8947-DE7CCED3A883}
	EndGlobalSection
EndGlobal
