
Microsoft Visual Studio Solution File, Format Version 12.00
# Visual Studio Version 17
VisualStudioVersion = 17.0.32112.339
MinimumVisualStudioVersion = 10.0.40219.1
Project("{FAE04EC0-301F-11D3-BF4B-00C04F79EFBC}") = "Snake", "Snake\Snake.csproj", "{AAE25FDF-FEFE-4CE0-8433-4EEB6C2C0470}"
EndProject
Global
	GlobalSection(SolutionConfigurationPlatforms) = preSolution
		Debug|Any CPU = Debug|Any CPU
		Release|Any CPU = Release|Any CPU
	EndGlobalSection
	GlobalSection(ProjectConfigurationPlatforms) = postSolution
		{AAE25FDF-FEFE-4CE0-8433-4EEB6C2C0470}.Debug|Any CPU.ActiveCfg = Debug|Any CPU
		{AAE25FDF-FEFE-4CE0-8433-4EEB6C2C0470}.Debug|Any CPU.Build.0 = Debug|Any CPU
		{AAE25FDF-FEFE-4CE0-8433-4EEB6C2C0470}.Release|Any CPU.ActiveCfg = Release|Any CPU
		{AAE25FDF-FEFE-4CE0-8433-4EEB6C2C0470}.Release|Any CPU.Build.0 = Release|Any CPU
	EndGlobalSection
	GlobalSection(SolutionProperties) = preSolution
		HideSolutionNode = FALSE
	EndGlobalSection
	GlobalSection(ExtensibilityGlobals) = postSolution
		SolutionGuid = {9720B3CD-62CB-4768-BCB0-A019CF4E744C}
	EndGlobalSection
EndGlobal
