
Microsoft Visual Studio Solution File, Format Version 12.00
# Visual Studio Version 16
VisualStudioVersion = 16.0.810.10
MinimumVisualStudioVersion = 10.0.40219.1
Project("{FAE04EC0-301F-11D3-BF4B-00C04F79EFBC}") = "L01.SumAdjacentEqualNumbers", "L01.SumAdjacentEqualNumbers\L01.SumAdjacentEqualNumbers.csproj", "{BD4D7C06-3C72-464D-A19D-F24CB4EC67AB}"
EndProject
Project("{FAE04EC0-301F-11D3-BF4B-00C04F79EFBC}") = "L02.GaussTrick", "L02.GaussTrick\L02.GaussTrick.csproj", "{6FDA43B6-5BA6-4460-BC2E-4499B409C14E}"
EndProject
Project("{FAE04EC0-301F-11D3-BF4B-00C04F79EFBC}") = "L03.MergingLists", "L03.MergingLists\L03.MergingLists.csproj", "{489D5706-A9FC-4688-A737-FB13F92AE61E}"
EndProject
Project("{FAE04EC0-301F-11D3-BF4B-00C04F79EFBC}") = "L04.ListProducts", "L04.ListProducts\L04.ListProducts.csproj", "{5E5B9865-2D25-4BC1-8D05-0826205C12CC}"
EndProject
Project("{FAE04EC0-301F-11D3-BF4B-00C04F79EFBC}") = "L05.RemveNegativesReverse", "L05.RemveNegativesReverse\L05.RemveNegativesReverse.csproj", "{0BCDC367-A3C6-4FFB-8F0F-D7EDA7190ABA}"
EndProject
Project("{FAE04EC0-301F-11D3-BF4B-00C04F79EFBC}") = "L06.ListManipulationBasics", "L06.ListManipulationBasics\L06.ListManipulationBasics.csproj", "{9C2B8D2E-97CF-4627-9554-E2E28F80BE3D}"
EndProject
Project("{FAE04EC0-301F-11D3-BF4B-00C04F79EFBC}") = "L07.ListManipulatorAdvanced", "L07.ListManipulatorAdvanced\L07.ListManipulatorAdvanced.csproj", "{B6C49BCC-6C68-49B4-BDB7-A45256837685}"
EndProject
Global
	GlobalSection(SolutionConfigurationPlatforms) = preSolution
		Debug|Any CPU = Debug|Any CPU
		Release|Any CPU = Release|Any CPU
	EndGlobalSection
	GlobalSection(ProjectConfigurationPlatforms) = postSolution
		{BD4D7C06-3C72-464D-A19D-F24CB4EC67AB}.Debug|Any CPU.ActiveCfg = Debug|Any CPU
		{BD4D7C06-3C72-464D-A19D-F24CB4EC67AB}.Debug|Any CPU.Build.0 = Debug|Any CPU
		{BD4D7C06-3C72-464D-A19D-F24CB4EC67AB}.Release|Any CPU.ActiveCfg = Release|Any CPU
		{BD4D7C06-3C72-464D-A19D-F24CB4EC67AB}.Release|Any CPU.Build.0 = Release|Any CPU
		{6FDA43B6-5BA6-4460-BC2E-4499B409C14E}.Debug|Any CPU.ActiveCfg = Debug|Any CPU
		{6FDA43B6-5BA6-4460-BC2E-4499B409C14E}.Debug|Any CPU.Build.0 = Debug|Any CPU
		{6FDA43B6-5BA6-4460-BC2E-4499B409C14E}.Release|Any CPU.ActiveCfg = Release|Any CPU
		{6FDA43B6-5BA6-4460-BC2E-4499B409C14E}.Release|Any CPU.Build.0 = Release|Any CPU
		{489D5706-A9FC-4688-A737-FB13F92AE61E}.Debug|Any CPU.ActiveCfg = Debug|Any CPU
		{489D5706-A9FC-4688-A737-FB13F92AE61E}.Debug|Any CPU.Build.0 = Debug|Any CPU
		{489D5706-A9FC-4688-A737-FB13F92AE61E}.Release|Any CPU.ActiveCfg = Release|Any CPU
		{489D5706-A9FC-4688-A737-FB13F92AE61E}.Release|Any CPU.Build.0 = Release|Any CPU
		{5E5B9865-2D25-4BC1-8D05-0826205C12CC}.Debug|Any CPU.ActiveCfg = Debug|Any CPU
		{5E5B9865-2D25-4BC1-8D05-0826205C12CC}.Debug|Any CPU.Build.0 = Debug|Any CPU
		{5E5B9865-2D25-4BC1-8D05-0826205C12CC}.Release|Any CPU.ActiveCfg = Release|Any CPU
		{5E5B9865-2D25-4BC1-8D05-0826205C12CC}.Release|Any CPU.Build.0 = Release|Any CPU
		{0BCDC367-A3C6-4FFB-8F0F-D7EDA7190ABA}.Debug|Any CPU.ActiveCfg = Debug|Any CPU
		{0BCDC367-A3C6-4FFB-8F0F-D7EDA7190ABA}.Debug|Any CPU.Build.0 = Debug|Any CPU
		{0BCDC367-A3C6-4FFB-8F0F-D7EDA7190ABA}.Release|Any CPU.ActiveCfg = Release|Any CPU
		{0BCDC367-A3C6-4FFB-8F0F-D7EDA7190ABA}.Release|Any CPU.Build.0 = Release|Any CPU
		{9C2B8D2E-97CF-4627-9554-E2E28F80BE3D}.Debug|Any CPU.ActiveCfg = Debug|Any CPU
		{9C2B8D2E-97CF-4627-9554-E2E28F80BE3D}.Debug|Any CPU.Build.0 = Debug|Any CPU
		{9C2B8D2E-97CF-4627-9554-E2E28F80BE3D}.Release|Any CPU.ActiveCfg = Release|Any CPU
		{9C2B8D2E-97CF-4627-9554-E2E28F80BE3D}.Release|Any CPU.Build.0 = Release|Any CPU
		{B6C49BCC-6C68-49B4-BDB7-A45256837685}.Debug|Any CPU.ActiveCfg = Debug|Any CPU
		{B6C49BCC-6C68-49B4-BDB7-A45256837685}.Debug|Any CPU.Build.0 = Debug|Any CPU
		{B6C49BCC-6C68-49B4-BDB7-A45256837685}.Release|Any CPU.ActiveCfg = Release|Any CPU
		{B6C49BCC-6C68-49B4-BDB7-A45256837685}.Release|Any CPU.Build.0 = Release|Any CPU
	EndGlobalSection
	GlobalSection(SolutionProperties) = preSolution
		HideSolutionNode = FALSE
	EndGlobalSection
	GlobalSection(ExtensibilityGlobals) = postSolution
		SolutionGuid = {BEBC2631-595F-4FEF-BC7F-72F12EB62E11}
	EndGlobalSection
EndGlobal
