
Microsoft Visual Studio Solution File, Format Version 12.00
# Visual Studio Version 16
VisualStudioVersion = 16.0.810.11
MinimumVisualStudioVersion = 10.0.40219.1
Project("{FAE04EC0-301F-11D3-BF4B-00C04F79EFBC}") = "EP01.BlackFlag", "EP01.BlackFlag\EP01.BlackFlag.csproj", "{450CCF75-7F99-449E-8475-02A96E8FE20F}"
EndProject
Project("{FAE04EC0-301F-11D3-BF4B-00C04F79EFBC}") = "EP02.MuOnline", "EP02.MuOnline\EP02.MuOnline.csproj", "{1498E838-3210-4C46-8AE1-55C78FEDB0A4}"
EndProject
Project("{FAE04EC0-301F-11D3-BF4B-00C04F79EFBC}") = "EP03.HeartDelivery", "EP03.HeartDelivery\EP03.HeartDelivery.csproj", "{AF0CF02C-50E5-4669-A759-F4EE14DC73CD}"
EndProject
Global
	GlobalSection(SolutionConfigurationPlatforms) = preSolution
		Debug|Any CPU = Debug|Any CPU
		Release|Any CPU = Release|Any CPU
	EndGlobalSection
	GlobalSection(ProjectConfigurationPlatforms) = postSolution
		{450CCF75-7F99-449E-8475-02A96E8FE20F}.Debug|Any CPU.ActiveCfg = Debug|Any CPU
		{450CCF75-7F99-449E-8475-02A96E8FE20F}.Debug|Any CPU.Build.0 = Debug|Any CPU
		{450CCF75-7F99-449E-8475-02A96E8FE20F}.Release|Any CPU.ActiveCfg = Release|Any CPU
		{450CCF75-7F99-449E-8475-02A96E8FE20F}.Release|Any CPU.Build.0 = Release|Any CPU
		{1498E838-3210-4C46-8AE1-55C78FEDB0A4}.Debug|Any CPU.ActiveCfg = Debug|Any CPU
		{1498E838-3210-4C46-8AE1-55C78FEDB0A4}.Debug|Any CPU.Build.0 = Debug|Any CPU
		{1498E838-3210-4C46-8AE1-55C78FEDB0A4}.Release|Any CPU.ActiveCfg = Release|Any CPU
		{1498E838-3210-4C46-8AE1-55C78FEDB0A4}.Release|Any CPU.Build.0 = Release|Any CPU
		{AF0CF02C-50E5-4669-A759-F4EE14DC73CD}.Debug|Any CPU.ActiveCfg = Debug|Any CPU
		{AF0CF02C-50E5-4669-A759-F4EE14DC73CD}.Debug|Any CPU.Build.0 = Debug|Any CPU
		{AF0CF02C-50E5-4669-A759-F4EE14DC73CD}.Release|Any CPU.ActiveCfg = Release|Any CPU
		{AF0CF02C-50E5-4669-A759-F4EE14DC73CD}.Release|Any CPU.Build.0 = Release|Any CPU
	EndGlobalSection
	GlobalSection(SolutionProperties) = preSolution
		HideSolutionNode = FALSE
	EndGlobalSection
	GlobalSection(ExtensibilityGlobals) = postSolution
		SolutionGuid = {A316F2F8-BDF8-4BFB-889F-DFE64F56F497}
	EndGlobalSection
EndGlobal
