
Microsoft Visual Studio Solution File, Format Version 12.00
# Visual Studio Version 17
VisualStudioVersion = 17.3.32825.248
MinimumVisualStudioVersion = 10.0.40219.1
Project("{FAE04EC0-301F-11D3-BF4B-00C04F79EFBC}") = "Watchlist", "Watchlist\Watchlist.csproj", "{93966513-D617-4B9E-8C68-AD7BDBFCE7AD}"
EndProject
Global
	GlobalSection(SolutionConfigurationPlatforms) = preSolution
		Debug|Any CPU = Debug|Any CPU
		Release|Any CPU = Release|Any CPU
	EndGlobalSection
	GlobalSection(ProjectConfigurationPlatforms) = postSolution
		{93966513-D617-4B9E-8C68-AD7BDBFCE7AD}.Debug|Any CPU.ActiveCfg = Debug|Any CPU
		{93966513-D617-4B9E-8C68-AD7BDBFCE7AD}.Debug|Any CPU.Build.0 = Debug|Any CPU
		{93966513-D617-4B9E-8C68-AD7BDBFCE7AD}.Release|Any CPU.ActiveCfg = Release|Any CPU
		{93966513-D617-4B9E-8C68-AD7BDBFCE7AD}.Release|Any CPU.Build.0 = Release|Any CPU
	EndGlobalSection
	GlobalSection(SolutionProperties) = preSolution
		HideSolutionNode = FALSE
	EndGlobalSection
	GlobalSection(ExtensibilityGlobals) = postSolution
		SolutionGuid = {62F938B5-82E8-48FE-A807-A17760DF6C0A}
	EndGlobalSection
EndGlobal
