
Microsoft Visual Studio Solution File, Format Version 12.00
# Visual Studio Version 16
VisualStudioVersion = 16.0.31205.134
MinimumVisualStudioVersion = 10.0.40219.1
Project("{9A19103F-16F7-4668-BE54-9A1E7A4F7556}") = "E01.USD-BGN", "E01.USD-BGN\E01.USD-BGN.csproj", "{C4995C3D-42E9-4067-9567-7F42BA706174}"
EndProject
Project("{FAE04EC0-301F-11D3-BF4B-00C04F79EFBC}") = "E02.RadiansToDegrees", "E02.RadiansToDegrees\E02.RadiansToDegrees.csproj", "{479F3A8B-0FBB-44AF-B2D1-7F703BC30D87}"
EndProject
Project("{FAE04EC0-301F-11D3-BF4B-00C04F79EFBC}") = "E03.DepositCalculator", "E03.DepositCalculator\E03.DepositCalculator.csproj", "{F5FB4222-FC2F-413E-83DA-BCCD8CE47715}"
EndProject
Project("{FAE04EC0-301F-11D3-BF4B-00C04F79EFBC}") = "E04.VacationBooksList", "E04.VacationBooksList\E04.VacationBooksList.csproj", "{776989B2-C7CE-4078-ACF8-889E892FB6CC}"
EndProject
Project("{FAE04EC0-301F-11D3-BF4B-00C04F79EFBC}") = "E05.BirthdayParty", "E05.BirthdayParty\E05.BirthdayParty.csproj", "{8E8E5AD3-256B-44A2-9968-FB87C16EB337}"
EndProject
Project("{FAE04EC0-301F-11D3-BF4B-00C04F79EFBC}") = "E06.CharityCampaign", "E06.CharityCampaign\E06.CharityCampaign.csproj", "{D14D20BA-8A83-4920-8377-92FCA4620777}"
EndProject
Project("{FAE04EC0-301F-11D3-BF4B-00C04F79EFBC}") = "E07.FruitMarket", "E07.FruitMarket\E07.FruitMarket.csproj", "{DEE4CCDE-CCF3-454C-BDC1-A2078C049BC6}"
EndProject
Project("{FAE04EC0-301F-11D3-BF4B-00C04F79EFBC}") = "E08.FishTank", "E08.FishTank\E08.FishTank.csproj", "{9BF2570E-525E-4AF4-A8A3-5BF9A624C4B3}"
EndProject
Global
	GlobalSection(SolutionConfigurationPlatforms) = preSolution
		Debug|Any CPU = Debug|Any CPU
		Release|Any CPU = Release|Any CPU
	EndGlobalSection
	GlobalSection(ProjectConfigurationPlatforms) = postSolution
		{C4995C3D-42E9-4067-9567-7F42BA706174}.Debug|Any CPU.ActiveCfg = Debug|Any CPU
		{C4995C3D-42E9-4067-9567-7F42BA706174}.Debug|Any CPU.Build.0 = Debug|Any CPU
		{C4995C3D-42E9-4067-9567-7F42BA706174}.Release|Any CPU.ActiveCfg = Release|Any CPU
		{C4995C3D-42E9-4067-9567-7F42BA706174}.Release|Any CPU.Build.0 = Release|Any CPU
		{479F3A8B-0FBB-44AF-B2D1-7F703BC30D87}.Debug|Any CPU.ActiveCfg = Debug|Any CPU
		{479F3A8B-0FBB-44AF-B2D1-7F703BC30D87}.Debug|Any CPU.Build.0 = Debug|Any CPU
		{479F3A8B-0FBB-44AF-B2D1-7F703BC30D87}.Release|Any CPU.ActiveCfg = Release|Any CPU
		{479F3A8B-0FBB-44AF-B2D1-7F703BC30D87}.Release|Any CPU.Build.0 = Release|Any CPU
		{F5FB4222-FC2F-413E-83DA-BCCD8CE47715}.Debug|Any CPU.ActiveCfg = Debug|Any CPU
		{F5FB4222-FC2F-413E-83DA-BCCD8CE47715}.Debug|Any CPU.Build.0 = Debug|Any CPU
		{F5FB4222-FC2F-413E-83DA-BCCD8CE47715}.Release|Any CPU.ActiveCfg = Release|Any CPU
		{F5FB4222-FC2F-413E-83DA-BCCD8CE47715}.Release|Any CPU.Build.0 = Release|Any CPU
		{776989B2-C7CE-4078-ACF8-889E892FB6CC}.Debug|Any CPU.ActiveCfg = Debug|Any CPU
		{776989B2-C7CE-4078-ACF8-889E892FB6CC}.Debug|Any CPU.Build.0 = Debug|Any CPU
		{776989B2-C7CE-4078-ACF8-889E892FB6CC}.Release|Any CPU.ActiveCfg = Release|Any CPU
		{776989B2-C7CE-4078-ACF8-889E892FB6CC}.Release|Any CPU.Build.0 = Release|Any CPU
		{8E8E5AD3-256B-44A2-9968-FB87C16EB337}.Debug|Any CPU.ActiveCfg = Debug|Any CPU
		{8E8E5AD3-256B-44A2-9968-FB87C16EB337}.Debug|Any CPU.Build.0 = Debug|Any CPU
		{8E8E5AD3-256B-44A2-9968-FB87C16EB337}.Release|Any CPU.ActiveCfg = Release|Any CPU
		{8E8E5AD3-256B-44A2-9968-FB87C16EB337}.Release|Any CPU.Build.0 = Release|Any CPU
		{D14D20BA-8A83-4920-8377-92FCA4620777}.Debug|Any CPU.ActiveCfg = Debug|Any CPU
		{D14D20BA-8A83-4920-8377-92FCA4620777}.Debug|Any CPU.Build.0 = Debug|Any CPU
		{D14D20BA-8A83-4920-8377-92FCA4620777}.Release|Any CPU.ActiveCfg = Release|Any CPU
		{D14D20BA-8A83-4920-8377-92FCA4620777}.Release|Any CPU.Build.0 = Release|Any CPU
		{DEE4CCDE-CCF3-454C-BDC1-A2078C049BC6}.Debug|Any CPU.ActiveCfg = Debug|Any CPU
		{DEE4CCDE-CCF3-454C-BDC1-A2078C049BC6}.Debug|Any CPU.Build.0 = Debug|Any CPU
		{DEE4CCDE-CCF3-454C-BDC1-A2078C049BC6}.Release|Any CPU.ActiveCfg = Release|Any CPU
		{DEE4CCDE-CCF3-454C-BDC1-A2078C049BC6}.Release|Any CPU.Build.0 = Release|Any CPU
		{9BF2570E-525E-4AF4-A8A3-5BF9A624C4B3}.Debug|Any CPU.ActiveCfg = Debug|Any CPU
		{9BF2570E-525E-4AF4-A8A3-5BF9A624C4B3}.Debug|Any CPU.Build.0 = Debug|Any CPU
		{9BF2570E-525E-4AF4-A8A3-5BF9A624C4B3}.Release|Any CPU.ActiveCfg = Release|Any CPU
		{9BF2570E-525E-4AF4-A8A3-5BF9A624C4B3}.Release|Any CPU.Build.0 = Release|Any CPU
	EndGlobalSection
	GlobalSection(SolutionProperties) = preSolution
		HideSolutionNode = FALSE
	EndGlobalSection
	GlobalSection(ExtensibilityGlobals) = postSolution
		SolutionGuid = {83F1CA9E-D78D-4905-9689-BBA078448C78}
	EndGlobalSection
EndGlobal
