
Microsoft Visual Studio Solution File, Format Version 12.00
# Visual Studio Version 17
VisualStudioVersion = 17.0.31919.166
MinimumVisualStudioVersion = 10.0.40219.1
Project("{FAE04EC0-301F-11D3-BF4B-00C04F79EFBC}") = "L01.Fibonacci", "L01.Fibonacci\L01.Fibonacci.csproj", "{58F08186-5CFE-4F03-B25F-A874D0CFEB87}"
EndProject
Project("{FAE04EC0-301F-11D3-BF4B-00C04F79EFBC}") = "L02.MoveDownRight", "L02.MoveDownRight\L02.MoveDownRight.csproj", "{6019FF00-462A-4FE0-97DE-228E4C6927E4}"
EndProject
Project("{FAE04EC0-301F-11D3-BF4B-00C04F79EFBC}") = "L03.LongestCommonSubsequence", "L03.LongestCommonSubsequence\L03.LongestCommonSubsequence.csproj", "{5FA24CF1-6589-4792-894D-16D665AE2DE2}"
EndProject
Global
	GlobalSection(SolutionConfigurationPlatforms) = preSolution
		Debug|Any CPU = Debug|Any CPU
		Release|Any CPU = Release|Any CPU
	EndGlobalSection
	GlobalSection(ProjectConfigurationPlatforms) = postSolution
		{58F08186-5CFE-4F03-B25F-A874D0CFEB87}.Debug|Any CPU.ActiveCfg = Debug|Any CPU
		{58F08186-5CFE-4F03-B25F-A874D0CFEB87}.Debug|Any CPU.Build.0 = Debug|Any CPU
		{58F08186-5CFE-4F03-B25F-A874D0CFEB87}.Release|Any CPU.ActiveCfg = Release|Any CPU
		{58F08186-5CFE-4F03-B25F-A874D0CFEB87}.Release|Any CPU.Build.0 = Release|Any CPU
		{6019FF00-462A-4FE0-97DE-228E4C6927E4}.Debug|Any CPU.ActiveCfg = Debug|Any CPU
		{6019FF00-462A-4FE0-97DE-228E4C6927E4}.Debug|Any CPU.Build.0 = Debug|Any CPU
		{6019FF00-462A-4FE0-97DE-228E4C6927E4}.Release|Any CPU.ActiveCfg = Release|Any CPU
		{6019FF00-462A-4FE0-97DE-228E4C6927E4}.Release|Any CPU.Build.0 = Release|Any CPU
		{5FA24CF1-6589-4792-894D-16D665AE2DE2}.Debug|Any CPU.ActiveCfg = Debug|Any CPU
		{5FA24CF1-6589-4792-894D-16D665AE2DE2}.Debug|Any CPU.Build.0 = Debug|Any CPU
		{5FA24CF1-6589-4792-894D-16D665AE2DE2}.Release|Any CPU.ActiveCfg = Release|Any CPU
		{5FA24CF1-6589-4792-894D-16D665AE2DE2}.Release|Any CPU.Build.0 = Release|Any CPU
	EndGlobalSection
	GlobalSection(SolutionProperties) = preSolution
		HideSolutionNode = FALSE
	EndGlobalSection
	GlobalSection(ExtensibilityGlobals) = postSolution
		SolutionGuid = {889CE3F9-73A0-4E39-829C-A125FDA6D8DA}
	EndGlobalSection
EndGlobal
