
Microsoft Visual Studio Solution File, Format Version 12.00
# Visual Studio Version 17
VisualStudioVersion = 17.0.31903.59
MinimumVisualStudioVersion = 10.0.40219.1
Project("{9A19103F-16F7-4668-BE54-9A1E7A4F7556}") = "ME01.SortNumbers", "ME01.SortNumbers\ME01.SortNumbers.csproj", "{C8D5448C-D89C-4060-97E1-058A49128A6B}"
EndProject
Project("{2150E333-8FDC-42A3-9474-1A3956D46DE8}") = "01. Basics", "01. Basics", "{BA0A27E1-0A7F-4CC9-8215-802E81B28D1C}"
EndProject
Project("{9A19103F-16F7-4668-BE54-9A1E7A4F7556}") = "ME02.NameLastDigit", "ME02.NameLastDigit\ME02.NameLastDigit.csproj", "{5D398FFD-76BD-43A5-8455-4C9E55F14205}"
EndProject
Project("{9A19103F-16F7-4668-BE54-9A1E7A4F7556}") = "ME03.GamingStore", "ME03.GamingStore\ME03.GamingStore.csproj", "{D5E146F8-453E-49D3-837B-B2BE38E705B1}"
EndProject
Project("{9A19103F-16F7-4668-BE54-9A1E7A4F7556}") = "ME04.ReverseString", "ME04.ReverseString\ME04.ReverseString.csproj", "{FF14BF52-6B77-4B97-86F1-82F462811A14}"
EndProject
Project("{9A19103F-16F7-4668-BE54-9A1E7A4F7556}") = "ME05.Messages", "ME05.Messages\ME05.Messages.csproj", "{5EEE2D4A-168A-4EA1-9179-864978D75E54}"
EndProject
Project("{2150E333-8FDC-42A3-9474-1A3956D46DE8}") = "02. DataTypesVariables", "02. DataTypesVariables", "{AF9769D0-EFAC-42D7-AB5B-0AB2CAA5CC18}"
EndProject
Project("{9A19103F-16F7-4668-BE54-9A1E7A4F7556}") = "ME01.DataTypeFilter", "ME01.DataTypeFilter\ME01.DataTypeFilter.csproj", "{C4A03C32-6DD0-4E03-9B4A-B69361B5C556}"
EndProject
Project("{9A19103F-16F7-4668-BE54-9A1E7A4F7556}") = "ME02.FromLeftToRight", "ME02.FromLeftToRight\ME02.FromLeftToRight.csproj", "{C16E5E91-3863-4FC0-A885-DC35C02C33D2}"
EndProject
Project("{9A19103F-16F7-4668-BE54-9A1E7A4F7556}") = "ME03.FloatingEquality", "ME03.FloatingEquality\ME03.FloatingEquality.csproj", "{3816ADAE-4711-46D6-9CD1-5463D7B2D6CD}"
EndProject
Project("{9A19103F-16F7-4668-BE54-9A1E7A4F7556}") = "ME04.RefactoringPrimeChecker", "ME04.RefactoringPrimeChecker\ME04.RefactoringPrimeChecker.csproj", "{E7ECA29A-D333-4BA6-B234-CF727D8B54FB}"
EndProject
Project("{9A19103F-16F7-4668-BE54-9A1E7A4F7556}") = "ME05.DecryptingMessage", "ME05.DecryptingMessage\ME05.DecryptingMessage.csproj", "{2B869A99-DB9F-4E5C-8380-3198D8F7885E}"
EndProject
Project("{9A19103F-16F7-4668-BE54-9A1E7A4F7556}") = "ME06.BalancedBrackets", "ME06.BalancedBrackets\ME06.BalancedBrackets.csproj", "{7425753A-B4AE-4E81-AD61-5228A2609578}"
EndProject
Project("{2150E333-8FDC-42A3-9474-1A3956D46DE8}") = "03. Arrays", "03. Arrays", "{A63683A9-B76A-4520-9D55-910F2C5A7A05}"
EndProject
Project("{9A19103F-16F7-4668-BE54-9A1E7A4F7556}") = "ME01.EncryptSortPrintArray", "ME01.EncryptSortPrintArray\ME01.EncryptSortPrintArray.csproj", "{ABC67A6D-5BCE-4634-B44A-5E0AF62165C7}"
EndProject
Project("{9A19103F-16F7-4668-BE54-9A1E7A4F7556}") = "ME02.PascalTriangle", "ME02.PascalTriangle\ME02.PascalTriangle.csproj", "{AA123410-9C78-4A3D-8239-92D19CED9CB7}"
EndProject
Project("{9A19103F-16F7-4668-BE54-9A1E7A4F7556}") = "ME03.RecurviseFibonacci", "ME03.RecurviseFibonacci\ME03.RecurviseFibonacci.csproj", "{5638363A-BE1B-491E-A4D0-08CE474F0A27}"
EndProject
Project("{9A19103F-16F7-4668-BE54-9A1E7A4F7556}") = "ME04.FoldSum", "ME04.FoldSum\ME04.FoldSum.csproj", "{964ED392-8F8A-43CD-A92C-DA3BF3DCE795}"
EndProject
Project("{9A19103F-16F7-4668-BE54-9A1E7A4F7556}") = "ME05.LongestIncreasingSubsequences", "ME05.LongestIncreasingSubsequences\ME05.LongestIncreasingSubsequences.csproj", "{D4460EE8-EF67-47F4-8EDB-196EDF93A46A}"
EndProject
Project("{2150E333-8FDC-42A3-9474-1A3956D46DE8}") = "04. Methods", "04. Methods", "{5C175FCD-FAAE-4AD9-AEFE-16D3759A689E}"
EndProject
Project("{9A19103F-16F7-4668-BE54-9A1E7A4F7556}") = "ME01.DataTypes", "ME01.DataTypes\ME01.DataTypes.csproj", "{79271273-CF51-4D5E-8551-9A07170F9DA2}"
EndProject
Project("{9A19103F-16F7-4668-BE54-9A1E7A4F7556}") = "ME02.CenterPoint", "ME02.CenterPoint\ME02.CenterPoint.csproj", "{BEDA623A-6C22-4601-962F-90913A687D6B}"
EndProject
Project("{9A19103F-16F7-4668-BE54-9A1E7A4F7556}") = "ME03.LongerLine", "ME03.LongerLine\ME03.LongerLine.csproj", "{85239CCA-57BB-4164-8D9D-EBA964D9E09A}"
EndProject
Project("{9A19103F-16F7-4668-BE54-9A1E7A4F7556}") = "ME04.TribonacciSequence", "ME04.TribonacciSequence\ME04.TribonacciSequence.csproj", "{0A541350-E2E1-4A97-901F-A9B4141BED60}"
EndProject
Project("{9A19103F-16F7-4668-BE54-9A1E7A4F7556}") = "ME05.MultiplicationSign", "ME05.MultiplicationSign\ME05.MultiplicationSign.csproj", "{EB4DDAE5-8F30-42EA-97F5-1697A561144B}"
EndProject
Project("{2150E333-8FDC-42A3-9474-1A3956D46DE8}") = "05. Lists", "05. Lists", "{172DDB00-678D-4C55-BA61-CBE742522E76}"
EndProject
Project("{9A19103F-16F7-4668-BE54-9A1E7A4F7556}") = "ME01.Messaging", "ME01.Messaging\ME01.Messaging.csproj", "{22F31E13-413D-4BF9-9BCC-9EF419400611}"
EndProject
Project("{9A19103F-16F7-4668-BE54-9A1E7A4F7556}") = "ME02.CarRace", "ME02.CarRace\ME02.CarRace.csproj", "{57EBC925-510F-4F11-A55D-B91C81424C37}"
EndProject
Project("{9A19103F-16F7-4668-BE54-9A1E7A4F7556}") = "ME03.TakeSkipRope", "ME03.TakeSkipRope\ME03.TakeSkipRope.csproj", "{65C03646-4F22-489F-AB7C-E785F980A1EF}"
EndProject
Project("{9A19103F-16F7-4668-BE54-9A1E7A4F7556}") = "ME04.MixedUpLists", "ME04.MixedUpLists\ME04.MixedUpLists.csproj", "{2E21F587-8D03-4550-B626-C2B9AF157DE2}"
EndProject
Project("{9A19103F-16F7-4668-BE54-9A1E7A4F7556}") = "ME05.DrumSet", "ME05.DrumSet\ME05.DrumSet.csproj", "{90483FDB-469E-4454-B515-0907192979D7}"
EndProject
Project("{2150E333-8FDC-42A3-9474-1A3956D46DE8}") = "06. ObjectsClasses", "06. ObjectsClasses", "{F83A90D9-AEEB-4437-A0F9-C9E684E7FC50}"
EndProject
Project("{9A19103F-16F7-4668-BE54-9A1E7A4F7556}") = "ME01.CompanyRoster", "ME01.CompanyRoster\ME01.CompanyRoster.csproj", "{B9F5635C-3C33-474C-8F05-9B0F056D9591}"
EndProject
Project("{9A19103F-16F7-4668-BE54-9A1E7A4F7556}") = "ME02.OldestFamilyMember", "ME02.OldestFamilyMember\ME02.OldestFamilyMember.csproj", "{DE1C7627-1E7C-4E2A-AB74-68FD36C857B8}"
EndProject
Project("{9A19103F-16F7-4668-BE54-9A1E7A4F7556}") = "ME03.SpeedRacing", "ME03.SpeedRacing\ME03.SpeedRacing.csproj", "{1ADCDE55-2A78-4AC1-AE21-860F8681CDE8}"
EndProject
Project("{9A19103F-16F7-4668-BE54-9A1E7A4F7556}") = "ME04.RawData", "ME04.RawData\ME04.RawData.csproj", "{9EB177C4-CF37-4A2C-80F9-F634105F65C7}"
EndProject
Project("{9A19103F-16F7-4668-BE54-9A1E7A4F7556}") = "ME05.ShoppingSpree", "ME05.ShoppingSpree\ME05.ShoppingSpree.csproj", "{474B83FA-C600-4ECB-9CDA-249F9FE63432}"
EndProject
Project("{2150E333-8FDC-42A3-9474-1A3956D46DE8}") = "07. AssociativeArrays", "07. AssociativeArrays", "{BA390861-51C9-4734-A11B-ECF827DD98C1}"
EndProject
Project("{9A19103F-16F7-4668-BE54-9A1E7A4F7556}") = "ME01.Ranking", "ME01.Ranking\ME01.Ranking.csproj", "{3616180F-9C07-4F1D-9A69-5B40A3B38074}"
EndProject
Project("{9A19103F-16F7-4668-BE54-9A1E7A4F7556}") = "ME02.Judge", "ME02.Judge\ME02.Judge.csproj", "{8008D8E5-747F-479D-8B3F-6F8B0CDB87ED}"
EndProject
Project("{9A19103F-16F7-4668-BE54-9A1E7A4F7556}") = "ME03.MOBAChallenger", "ME03.MOBAChallenger\ME03.MOBAChallenger.csproj", "{604307C6-F9CE-488A-8BBF-0BFCA44F1EAB}"
EndProject
Project("{9A19103F-16F7-4668-BE54-9A1E7A4F7556}") = "ME04.Snowwhite", "ME04.Snowwhite\ME04.Snowwhite.csproj", "{E6F64CD8-2DB6-4285-B886-24B97127399D}"
EndProject
Project("{9A19103F-16F7-4668-BE54-9A1E7A4F7556}") = "ME05.DragonArmy", "ME05.DragonArmy\ME05.DragonArmy.csproj", "{3F454D30-4673-4471-87CF-A8EA3C12CE2F}"
EndProject
Project("{2150E333-8FDC-42A3-9474-1A3956D46DE8}") = "08. TextProcessing", "08. TextProcessing", "{CA2E3155-BD19-4106-9F8A-ED6B495997D5}"
EndProject
Project("{9A19103F-16F7-4668-BE54-9A1E7A4F7556}") = "ME01.ExtractPersonInformation", "ME01.ExtractPersonInformation\ME01.ExtractPersonInformation.csproj", "{76A670C4-07AA-428B-80E7-DBE6FD064AE1}"
EndProject
Project("{9A19103F-16F7-4668-BE54-9A1E7A4F7556}") = "ME02.AsciiSumator", "ME02.AsciiSumator\ME02.AsciiSumator.csproj", "{577C2EAE-EF92-42D1-B199-A9E3D46E8E31}"
EndProject
Project("{9A19103F-16F7-4668-BE54-9A1E7A4F7556}") = "ME03.TreasureFinder", "ME03.TreasureFinder\ME03.TreasureFinder.csproj", "{C8572650-6363-409F-8EDA-5D8D99C3A43B}"
EndProject
Project("{9A19103F-16F7-4668-BE54-9A1E7A4F7556}") = "ME04.MorseCodeTranslator", "ME04.MorseCodeTranslator\ME04.MorseCodeTranslator.csproj", "{FA78A5B1-BABA-4835-8D6E-0C9787AB87A7}"
EndProject
Project("{9A19103F-16F7-4668-BE54-9A1E7A4F7556}") = "ME05.HTML", "ME05.HTML\ME05.HTML.csproj", "{AA6D57AA-DACD-4519-84B2-B9C760426543}"
EndProject
Project("{2150E333-8FDC-42A3-9474-1A3956D46DE8}") = "09. RegularExpressions", "09. RegularExpressions", "{C177F5E7-5CC6-4CC0-8F92-1A10718E2971}"
EndProject
Project("{9A19103F-16F7-4668-BE54-9A1E7A4F7556}") = "ME01.WinningTicket", "ME01.WinningTicket\ME01.WinningTicket.csproj", "{31E5926B-8415-43B7-9FD5-D5ACA69D8927}"
EndProject
Project("{9A19103F-16F7-4668-BE54-9A1E7A4F7556}") = "ME02.RageQuit", "ME02.RageQuit\ME02.RageQuit.csproj", "{6955D825-FC2F-4D8E-8DF2-331C139A349F}"
EndProject
Project("{9A19103F-16F7-4668-BE54-9A1E7A4F7556}") = "ME03.PostOffice", "ME03.PostOffice\ME03.PostOffice.csproj", "{2760D886-B503-42EA-8EB0-7832751C0758}"
EndProject
Project("{FAE04EC0-301F-11D3-BF4B-00C04F79EFBC}") = "ME04.SantasSecretHelper", "ME04.SantasSecretHelper\ME04.SantasSecretHelper.csproj", "{AD6F3C34-F394-4D69-98AB-D3590D4CEA2D}"
EndProject
Global
	GlobalSection(SolutionConfigurationPlatforms) = preSolution
		Debug|Any CPU = Debug|Any CPU
		Release|Any CPU = Release|Any CPU
	EndGlobalSection
	GlobalSection(ProjectConfigurationPlatforms) = postSolution
		{C8D5448C-D89C-4060-97E1-058A49128A6B}.Debug|Any CPU.ActiveCfg = Debug|Any CPU
		{C8D5448C-D89C-4060-97E1-058A49128A6B}.Debug|Any CPU.Build.0 = Debug|Any CPU
		{C8D5448C-D89C-4060-97E1-058A49128A6B}.Release|Any CPU.ActiveCfg = Release|Any CPU
		{C8D5448C-D89C-4060-97E1-058A49128A6B}.Release|Any CPU.Build.0 = Release|Any CPU
		{5D398FFD-76BD-43A5-8455-4C9E55F14205}.Debug|Any CPU.ActiveCfg = Debug|Any CPU
		{5D398FFD-76BD-43A5-8455-4C9E55F14205}.Debug|Any CPU.Build.0 = Debug|Any CPU
		{5D398FFD-76BD-43A5-8455-4C9E55F14205}.Release|Any CPU.ActiveCfg = Release|Any CPU
		{5D398FFD-76BD-43A5-8455-4C9E55F14205}.Release|Any CPU.Build.0 = Release|Any CPU
		{D5E146F8-453E-49D3-837B-B2BE38E705B1}.Debug|Any CPU.ActiveCfg = Debug|Any CPU
		{D5E146F8-453E-49D3-837B-B2BE38E705B1}.Debug|Any CPU.Build.0 = Debug|Any CPU
		{D5E146F8-453E-49D3-837B-B2BE38E705B1}.Release|Any CPU.ActiveCfg = Release|Any CPU
		{D5E146F8-453E-49D3-837B-B2BE38E705B1}.Release|Any CPU.Build.0 = Release|Any CPU
		{FF14BF52-6B77-4B97-86F1-82F462811A14}.Debug|Any CPU.ActiveCfg = Debug|Any CPU
		{FF14BF52-6B77-4B97-86F1-82F462811A14}.Debug|Any CPU.Build.0 = Debug|Any CPU
		{FF14BF52-6B77-4B97-86F1-82F462811A14}.Release|Any CPU.ActiveCfg = Release|Any CPU
		{FF14BF52-6B77-4B97-86F1-82F462811A14}.Release|Any CPU.Build.0 = Release|Any CPU
		{5EEE2D4A-168A-4EA1-9179-864978D75E54}.Debug|Any CPU.ActiveCfg = Debug|Any CPU
		{5EEE2D4A-168A-4EA1-9179-864978D75E54}.Debug|Any CPU.Build.0 = Debug|Any CPU
		{5EEE2D4A-168A-4EA1-9179-864978D75E54}.Release|Any CPU.ActiveCfg = Release|Any CPU
		{5EEE2D4A-168A-4EA1-9179-864978D75E54}.Release|Any CPU.Build.0 = Release|Any CPU
		{C4A03C32-6DD0-4E03-9B4A-B69361B5C556}.Debug|Any CPU.ActiveCfg = Debug|Any CPU
		{C4A03C32-6DD0-4E03-9B4A-B69361B5C556}.Debug|Any CPU.Build.0 = Debug|Any CPU
		{C4A03C32-6DD0-4E03-9B4A-B69361B5C556}.Release|Any CPU.ActiveCfg = Release|Any CPU
		{C4A03C32-6DD0-4E03-9B4A-B69361B5C556}.Release|Any CPU.Build.0 = Release|Any CPU
		{C16E5E91-3863-4FC0-A885-DC35C02C33D2}.Debug|Any CPU.ActiveCfg = Debug|Any CPU
		{C16E5E91-3863-4FC0-A885-DC35C02C33D2}.Debug|Any CPU.Build.0 = Debug|Any CPU
		{C16E5E91-3863-4FC0-A885-DC35C02C33D2}.Release|Any CPU.ActiveCfg = Release|Any CPU
		{C16E5E91-3863-4FC0-A885-DC35C02C33D2}.Release|Any CPU.Build.0 = Release|Any CPU
		{3816ADAE-4711-46D6-9CD1-5463D7B2D6CD}.Debug|Any CPU.ActiveCfg = Debug|Any CPU
		{3816ADAE-4711-46D6-9CD1-5463D7B2D6CD}.Debug|Any CPU.Build.0 = Debug|Any CPU
		{3816ADAE-4711-46D6-9CD1-5463D7B2D6CD}.Release|Any CPU.ActiveCfg = Release|Any CPU
		{3816ADAE-4711-46D6-9CD1-5463D7B2D6CD}.Release|Any CPU.Build.0 = Release|Any CPU
		{E7ECA29A-D333-4BA6-B234-CF727D8B54FB}.Debug|Any CPU.ActiveCfg = Debug|Any CPU
		{E7ECA29A-D333-4BA6-B234-CF727D8B54FB}.Debug|Any CPU.Build.0 = Debug|Any CPU
		{E7ECA29A-D333-4BA6-B234-CF727D8B54FB}.Release|Any CPU.ActiveCfg = Release|Any CPU
		{E7ECA29A-D333-4BA6-B234-CF727D8B54FB}.Release|Any CPU.Build.0 = Release|Any CPU
		{2B869A99-DB9F-4E5C-8380-3198D8F7885E}.Debug|Any CPU.ActiveCfg = Debug|Any CPU
		{2B869A99-DB9F-4E5C-8380-3198D8F7885E}.Debug|Any CPU.Build.0 = Debug|Any CPU
		{2B869A99-DB9F-4E5C-8380-3198D8F7885E}.Release|Any CPU.ActiveCfg = Release|Any CPU
		{2B869A99-DB9F-4E5C-8380-3198D8F7885E}.Release|Any CPU.Build.0 = Release|Any CPU
		{7425753A-B4AE-4E81-AD61-5228A2609578}.Debug|Any CPU.ActiveCfg = Debug|Any CPU
		{7425753A-B4AE-4E81-AD61-5228A2609578}.Debug|Any CPU.Build.0 = Debug|Any CPU
		{7425753A-B4AE-4E81-AD61-5228A2609578}.Release|Any CPU.ActiveCfg = Release|Any CPU
		{7425753A-B4AE-4E81-AD61-5228A2609578}.Release|Any CPU.Build.0 = Release|Any CPU
		{ABC67A6D-5BCE-4634-B44A-5E0AF62165C7}.Debug|Any CPU.ActiveCfg = Debug|Any CPU
		{ABC67A6D-5BCE-4634-B44A-5E0AF62165C7}.Debug|Any CPU.Build.0 = Debug|Any CPU
		{ABC67A6D-5BCE-4634-B44A-5E0AF62165C7}.Release|Any CPU.ActiveCfg = Release|Any CPU
		{ABC67A6D-5BCE-4634-B44A-5E0AF62165C7}.Release|Any CPU.Build.0 = Release|Any CPU
		{AA123410-9C78-4A3D-8239-92D19CED9CB7}.Debug|Any CPU.ActiveCfg = Debug|Any CPU
		{AA123410-9C78-4A3D-8239-92D19CED9CB7}.Debug|Any CPU.Build.0 = Debug|Any CPU
		{AA123410-9C78-4A3D-8239-92D19CED9CB7}.Release|Any CPU.ActiveCfg = Release|Any CPU
		{AA123410-9C78-4A3D-8239-92D19CED9CB7}.Release|Any CPU.Build.0 = Release|Any CPU
		{5638363A-BE1B-491E-A4D0-08CE474F0A27}.Debug|Any CPU.ActiveCfg = Debug|Any CPU
		{5638363A-BE1B-491E-A4D0-08CE474F0A27}.Debug|Any CPU.Build.0 = Debug|Any CPU
		{5638363A-BE1B-491E-A4D0-08CE474F0A27}.Release|Any CPU.ActiveCfg = Release|Any CPU
		{5638363A-BE1B-491E-A4D0-08CE474F0A27}.Release|Any CPU.Build.0 = Release|Any CPU
		{964ED392-8F8A-43CD-A92C-DA3BF3DCE795}.Debug|Any CPU.ActiveCfg = Debug|Any CPU
		{964ED392-8F8A-43CD-A92C-DA3BF3DCE795}.Debug|Any CPU.Build.0 = Debug|Any CPU
		{964ED392-8F8A-43CD-A92C-DA3BF3DCE795}.Release|Any CPU.ActiveCfg = Release|Any CPU
		{964ED392-8F8A-43CD-A92C-DA3BF3DCE795}.Release|Any CPU.Build.0 = Release|Any CPU
		{D4460EE8-EF67-47F4-8EDB-196EDF93A46A}.Debug|Any CPU.ActiveCfg = Debug|Any CPU
		{D4460EE8-EF67-47F4-8EDB-196EDF93A46A}.Debug|Any CPU.Build.0 = Debug|Any CPU
		{D4460EE8-EF67-47F4-8EDB-196EDF93A46A}.Release|Any CPU.ActiveCfg = Release|Any CPU
		{D4460EE8-EF67-47F4-8EDB-196EDF93A46A}.Release|Any CPU.Build.0 = Release|Any CPU
		{79271273-CF51-4D5E-8551-9A07170F9DA2}.Debug|Any CPU.ActiveCfg = Debug|Any CPU
		{79271273-CF51-4D5E-8551-9A07170F9DA2}.Debug|Any CPU.Build.0 = Debug|Any CPU
		{79271273-CF51-4D5E-8551-9A07170F9DA2}.Release|Any CPU.ActiveCfg = Release|Any CPU
		{79271273-CF51-4D5E-8551-9A07170F9DA2}.Release|Any CPU.Build.0 = Release|Any CPU
		{BEDA623A-6C22-4601-962F-90913A687D6B}.Debug|Any CPU.ActiveCfg = Debug|Any CPU
		{BEDA623A-6C22-4601-962F-90913A687D6B}.Debug|Any CPU.Build.0 = Debug|Any CPU
		{BEDA623A-6C22-4601-962F-90913A687D6B}.Release|Any CPU.ActiveCfg = Release|Any CPU
		{BEDA623A-6C22-4601-962F-90913A687D6B}.Release|Any CPU.Build.0 = Release|Any CPU
		{85239CCA-57BB-4164-8D9D-EBA964D9E09A}.Debug|Any CPU.ActiveCfg = Debug|Any CPU
		{85239CCA-57BB-4164-8D9D-EBA964D9E09A}.Debug|Any CPU.Build.0 = Debug|Any CPU
		{85239CCA-57BB-4164-8D9D-EBA964D9E09A}.Release|Any CPU.ActiveCfg = Release|Any CPU
		{85239CCA-57BB-4164-8D9D-EBA964D9E09A}.Release|Any CPU.Build.0 = Release|Any CPU
		{0A541350-E2E1-4A97-901F-A9B4141BED60}.Debug|Any CPU.ActiveCfg = Debug|Any CPU
		{0A541350-E2E1-4A97-901F-A9B4141BED60}.Debug|Any CPU.Build.0 = Debug|Any CPU
		{0A541350-E2E1-4A97-901F-A9B4141BED60}.Release|Any CPU.ActiveCfg = Release|Any CPU
		{0A541350-E2E1-4A97-901F-A9B4141BED60}.Release|Any CPU.Build.0 = Release|Any CPU
		{EB4DDAE5-8F30-42EA-97F5-1697A561144B}.Debug|Any CPU.ActiveCfg = Debug|Any CPU
		{EB4DDAE5-8F30-42EA-97F5-1697A561144B}.Debug|Any CPU.Build.0 = Debug|Any CPU
		{EB4DDAE5-8F30-42EA-97F5-1697A561144B}.Release|Any CPU.ActiveCfg = Release|Any CPU
		{EB4DDAE5-8F30-42EA-97F5-1697A561144B}.Release|Any CPU.Build.0 = Release|Any CPU
		{22F31E13-413D-4BF9-9BCC-9EF419400611}.Debug|Any CPU.ActiveCfg = Debug|Any CPU
		{22F31E13-413D-4BF9-9BCC-9EF419400611}.Debug|Any CPU.Build.0 = Debug|Any CPU
		{22F31E13-413D-4BF9-9BCC-9EF419400611}.Release|Any CPU.ActiveCfg = Release|Any CPU
		{22F31E13-413D-4BF9-9BCC-9EF419400611}.Release|Any CPU.Build.0 = Release|Any CPU
		{57EBC925-510F-4F11-A55D-B91C81424C37}.Debug|Any CPU.ActiveCfg = Debug|Any CPU
		{57EBC925-510F-4F11-A55D-B91C81424C37}.Debug|Any CPU.Build.0 = Debug|Any CPU
		{57EBC925-510F-4F11-A55D-B91C81424C37}.Release|Any CPU.ActiveCfg = Release|Any CPU
		{57EBC925-510F-4F11-A55D-B91C81424C37}.Release|Any CPU.Build.0 = Release|Any CPU
		{65C03646-4F22-489F-AB7C-E785F980A1EF}.Debug|Any CPU.ActiveCfg = Debug|Any CPU
		{65C03646-4F22-489F-AB7C-E785F980A1EF}.Debug|Any CPU.Build.0 = Debug|Any CPU
		{65C03646-4F22-489F-AB7C-E785F980A1EF}.Release|Any CPU.ActiveCfg = Release|Any CPU
		{65C03646-4F22-489F-AB7C-E785F980A1EF}.Release|Any CPU.Build.0 = Release|Any CPU
		{2E21F587-8D03-4550-B626-C2B9AF157DE2}.Debug|Any CPU.ActiveCfg = Debug|Any CPU
		{2E21F587-8D03-4550-B626-C2B9AF157DE2}.Debug|Any CPU.Build.0 = Debug|Any CPU
		{2E21F587-8D03-4550-B626-C2B9AF157DE2}.Release|Any CPU.ActiveCfg = Release|Any CPU
		{2E21F587-8D03-4550-B626-C2B9AF157DE2}.Release|Any CPU.Build.0 = Release|Any CPU
		{90483FDB-469E-4454-B515-0907192979D7}.Debug|Any CPU.ActiveCfg = Debug|Any CPU
		{90483FDB-469E-4454-B515-0907192979D7}.Debug|Any CPU.Build.0 = Debug|Any CPU
		{90483FDB-469E-4454-B515-0907192979D7}.Release|Any CPU.ActiveCfg = Release|Any CPU
		{90483FDB-469E-4454-B515-0907192979D7}.Release|Any CPU.Build.0 = Release|Any CPU
		{B9F5635C-3C33-474C-8F05-9B0F056D9591}.Debug|Any CPU.ActiveCfg = Debug|Any CPU
		{B9F5635C-3C33-474C-8F05-9B0F056D9591}.Debug|Any CPU.Build.0 = Debug|Any CPU
		{B9F5635C-3C33-474C-8F05-9B0F056D9591}.Release|Any CPU.ActiveCfg = Release|Any CPU
		{B9F5635C-3C33-474C-8F05-9B0F056D9591}.Release|Any CPU.Build.0 = Release|Any CPU
		{DE1C7627-1E7C-4E2A-AB74-68FD36C857B8}.Debug|Any CPU.ActiveCfg = Debug|Any CPU
		{DE1C7627-1E7C-4E2A-AB74-68FD36C857B8}.Debug|Any CPU.Build.0 = Debug|Any CPU
		{DE1C7627-1E7C-4E2A-AB74-68FD36C857B8}.Release|Any CPU.ActiveCfg = Release|Any CPU
		{DE1C7627-1E7C-4E2A-AB74-68FD36C857B8}.Release|Any CPU.Build.0 = Release|Any CPU
		{1ADCDE55-2A78-4AC1-AE21-860F8681CDE8}.Debug|Any CPU.ActiveCfg = Debug|Any CPU
		{1ADCDE55-2A78-4AC1-AE21-860F8681CDE8}.Debug|Any CPU.Build.0 = Debug|Any CPU
		{1ADCDE55-2A78-4AC1-AE21-860F8681CDE8}.Release|Any CPU.ActiveCfg = Release|Any CPU
		{1ADCDE55-2A78-4AC1-AE21-860F8681CDE8}.Release|Any CPU.Build.0 = Release|Any CPU
		{9EB177C4-CF37-4A2C-80F9-F634105F65C7}.Debug|Any CPU.ActiveCfg = Debug|Any CPU
		{9EB177C4-CF37-4A2C-80F9-F634105F65C7}.Debug|Any CPU.Build.0 = Debug|Any CPU
		{9EB177C4-CF37-4A2C-80F9-F634105F65C7}.Release|Any CPU.ActiveCfg = Release|Any CPU
		{9EB177C4-CF37-4A2C-80F9-F634105F65C7}.Release|Any CPU.Build.0 = Release|Any CPU
		{474B83FA-C600-4ECB-9CDA-249F9FE63432}.Debug|Any CPU.ActiveCfg = Debug|Any CPU
		{474B83FA-C600-4ECB-9CDA-249F9FE63432}.Debug|Any CPU.Build.0 = Debug|Any CPU
		{474B83FA-C600-4ECB-9CDA-249F9FE63432}.Release|Any CPU.ActiveCfg = Release|Any CPU
		{474B83FA-C600-4ECB-9CDA-249F9FE63432}.Release|Any CPU.Build.0 = Release|Any CPU
		{3616180F-9C07-4F1D-9A69-5B40A3B38074}.Debug|Any CPU.ActiveCfg = Debug|Any CPU
		{3616180F-9C07-4F1D-9A69-5B40A3B38074}.Debug|Any CPU.Build.0 = Debug|Any CPU
		{3616180F-9C07-4F1D-9A69-5B40A3B38074}.Release|Any CPU.ActiveCfg = Release|Any CPU
		{3616180F-9C07-4F1D-9A69-5B40A3B38074}.Release|Any CPU.Build.0 = Release|Any CPU
		{8008D8E5-747F-479D-8B3F-6F8B0CDB87ED}.Debug|Any CPU.ActiveCfg = Debug|Any CPU
		{8008D8E5-747F-479D-8B3F-6F8B0CDB87ED}.Debug|Any CPU.Build.0 = Debug|Any CPU
		{8008D8E5-747F-479D-8B3F-6F8B0CDB87ED}.Release|Any CPU.ActiveCfg = Release|Any CPU
		{8008D8E5-747F-479D-8B3F-6F8B0CDB87ED}.Release|Any CPU.Build.0 = Release|Any CPU
		{604307C6-F9CE-488A-8BBF-0BFCA44F1EAB}.Debug|Any CPU.ActiveCfg = Debug|Any CPU
		{604307C6-F9CE-488A-8BBF-0BFCA44F1EAB}.Debug|Any CPU.Build.0 = Debug|Any CPU
		{604307C6-F9CE-488A-8BBF-0BFCA44F1EAB}.Release|Any CPU.ActiveCfg = Release|Any CPU
		{604307C6-F9CE-488A-8BBF-0BFCA44F1EAB}.Release|Any CPU.Build.0 = Release|Any CPU
		{E6F64CD8-2DB6-4285-B886-24B97127399D}.Debug|Any CPU.ActiveCfg = Debug|Any CPU
		{E6F64CD8-2DB6-4285-B886-24B97127399D}.Debug|Any CPU.Build.0 = Debug|Any CPU
		{E6F64CD8-2DB6-4285-B886-24B97127399D}.Release|Any CPU.ActiveCfg = Release|Any CPU
		{E6F64CD8-2DB6-4285-B886-24B97127399D}.Release|Any CPU.Build.0 = Release|Any CPU
		{3F454D30-4673-4471-87CF-A8EA3C12CE2F}.Debug|Any CPU.ActiveCfg = Debug|Any CPU
		{3F454D30-4673-4471-87CF-A8EA3C12CE2F}.Debug|Any CPU.Build.0 = Debug|Any CPU
		{3F454D30-4673-4471-87CF-A8EA3C12CE2F}.Release|Any CPU.ActiveCfg = Release|Any CPU
		{3F454D30-4673-4471-87CF-A8EA3C12CE2F}.Release|Any CPU.Build.0 = Release|Any CPU
		{76A670C4-07AA-428B-80E7-DBE6FD064AE1}.Debug|Any CPU.ActiveCfg = Debug|Any CPU
		{76A670C4-07AA-428B-80E7-DBE6FD064AE1}.Debug|Any CPU.Build.0 = Debug|Any CPU
		{76A670C4-07AA-428B-80E7-DBE6FD064AE1}.Release|Any CPU.ActiveCfg = Release|Any CPU
		{76A670C4-07AA-428B-80E7-DBE6FD064AE1}.Release|Any CPU.Build.0 = Release|Any CPU
		{577C2EAE-EF92-42D1-B199-A9E3D46E8E31}.Debug|Any CPU.ActiveCfg = Debug|Any CPU
		{577C2EAE-EF92-42D1-B199-A9E3D46E8E31}.Debug|Any CPU.Build.0 = Debug|Any CPU
		{577C2EAE-EF92-42D1-B199-A9E3D46E8E31}.Release|Any CPU.ActiveCfg = Release|Any CPU
		{577C2EAE-EF92-42D1-B199-A9E3D46E8E31}.Release|Any CPU.Build.0 = Release|Any CPU
		{C8572650-6363-409F-8EDA-5D8D99C3A43B}.Debug|Any CPU.ActiveCfg = Debug|Any CPU
		{C8572650-6363-409F-8EDA-5D8D99C3A43B}.Debug|Any CPU.Build.0 = Debug|Any CPU
		{C8572650-6363-409F-8EDA-5D8D99C3A43B}.Release|Any CPU.ActiveCfg = Release|Any CPU
		{C8572650-6363-409F-8EDA-5D8D99C3A43B}.Release|Any CPU.Build.0 = Release|Any CPU
		{FA78A5B1-BABA-4835-8D6E-0C9787AB87A7}.Debug|Any CPU.ActiveCfg = Debug|Any CPU
		{FA78A5B1-BABA-4835-8D6E-0C9787AB87A7}.Debug|Any CPU.Build.0 = Debug|Any CPU
		{FA78A5B1-BABA-4835-8D6E-0C9787AB87A7}.Release|Any CPU.ActiveCfg = Release|Any CPU
		{FA78A5B1-BABA-4835-8D6E-0C9787AB87A7}.Release|Any CPU.Build.0 = Release|Any CPU
		{AA6D57AA-DACD-4519-84B2-B9C760426543}.Debug|Any CPU.ActiveCfg = Debug|Any CPU
		{AA6D57AA-DACD-4519-84B2-B9C760426543}.Debug|Any CPU.Build.0 = Debug|Any CPU
		{AA6D57AA-DACD-4519-84B2-B9C760426543}.Release|Any CPU.ActiveCfg = Release|Any CPU
		{AA6D57AA-DACD-4519-84B2-B9C760426543}.Release|Any CPU.Build.0 = Release|Any CPU
		{31E5926B-8415-43B7-9FD5-D5ACA69D8927}.Debug|Any CPU.ActiveCfg = Debug|Any CPU
		{31E5926B-8415-43B7-9FD5-D5ACA69D8927}.Debug|Any CPU.Build.0 = Debug|Any CPU
		{31E5926B-8415-43B7-9FD5-D5ACA69D8927}.Release|Any CPU.ActiveCfg = Release|Any CPU
		{31E5926B-8415-43B7-9FD5-D5ACA69D8927}.Release|Any CPU.Build.0 = Release|Any CPU
		{6955D825-FC2F-4D8E-8DF2-331C139A349F}.Debug|Any CPU.ActiveCfg = Debug|Any CPU
		{6955D825-FC2F-4D8E-8DF2-331C139A349F}.Debug|Any CPU.Build.0 = Debug|Any CPU
		{6955D825-FC2F-4D8E-8DF2-331C139A349F}.Release|Any CPU.ActiveCfg = Release|Any CPU
		{6955D825-FC2F-4D8E-8DF2-331C139A349F}.Release|Any CPU.Build.0 = Release|Any CPU
		{2760D886-B503-42EA-8EB0-7832751C0758}.Debug|Any CPU.ActiveCfg = Debug|Any CPU
		{2760D886-B503-42EA-8EB0-7832751C0758}.Debug|Any CPU.Build.0 = Debug|Any CPU
		{2760D886-B503-42EA-8EB0-7832751C0758}.Release|Any CPU.ActiveCfg = Release|Any CPU
		{2760D886-B503-42EA-8EB0-7832751C0758}.Release|Any CPU.Build.0 = Release|Any CPU
		{AD6F3C34-F394-4D69-98AB-D3590D4CEA2D}.Debug|Any CPU.ActiveCfg = Debug|Any CPU
		{AD6F3C34-F394-4D69-98AB-D3590D4CEA2D}.Debug|Any CPU.Build.0 = Debug|Any CPU
		{AD6F3C34-F394-4D69-98AB-D3590D4CEA2D}.Release|Any CPU.ActiveCfg = Release|Any CPU
		{AD6F3C34-F394-4D69-98AB-D3590D4CEA2D}.Release|Any CPU.Build.0 = Release|Any CPU
	EndGlobalSection
	GlobalSection(SolutionProperties) = preSolution
		HideSolutionNode = FALSE
	EndGlobalSection
	GlobalSection(NestedProjects) = preSolution
		{C8D5448C-D89C-4060-97E1-058A49128A6B} = {BA0A27E1-0A7F-4CC9-8215-802E81B28D1C}
		{5D398FFD-76BD-43A5-8455-4C9E55F14205} = {BA0A27E1-0A7F-4CC9-8215-802E81B28D1C}
		{D5E146F8-453E-49D3-837B-B2BE38E705B1} = {BA0A27E1-0A7F-4CC9-8215-802E81B28D1C}
		{FF14BF52-6B77-4B97-86F1-82F462811A14} = {BA0A27E1-0A7F-4CC9-8215-802E81B28D1C}
		{5EEE2D4A-168A-4EA1-9179-864978D75E54} = {BA0A27E1-0A7F-4CC9-8215-802E81B28D1C}
		{C4A03C32-6DD0-4E03-9B4A-B69361B5C556} = {AF9769D0-EFAC-42D7-AB5B-0AB2CAA5CC18}
		{C16E5E91-3863-4FC0-A885-DC35C02C33D2} = {AF9769D0-EFAC-42D7-AB5B-0AB2CAA5CC18}
		{3816ADAE-4711-46D6-9CD1-5463D7B2D6CD} = {AF9769D0-EFAC-42D7-AB5B-0AB2CAA5CC18}
		{E7ECA29A-D333-4BA6-B234-CF727D8B54FB} = {AF9769D0-EFAC-42D7-AB5B-0AB2CAA5CC18}
		{2B869A99-DB9F-4E5C-8380-3198D8F7885E} = {AF9769D0-EFAC-42D7-AB5B-0AB2CAA5CC18}
		{7425753A-B4AE-4E81-AD61-5228A2609578} = {AF9769D0-EFAC-42D7-AB5B-0AB2CAA5CC18}
		{ABC67A6D-5BCE-4634-B44A-5E0AF62165C7} = {A63683A9-B76A-4520-9D55-910F2C5A7A05}
		{AA123410-9C78-4A3D-8239-92D19CED9CB7} = {A63683A9-B76A-4520-9D55-910F2C5A7A05}
		{5638363A-BE1B-491E-A4D0-08CE474F0A27} = {A63683A9-B76A-4520-9D55-910F2C5A7A05}
		{964ED392-8F8A-43CD-A92C-DA3BF3DCE795} = {A63683A9-B76A-4520-9D55-910F2C5A7A05}
		{D4460EE8-EF67-47F4-8EDB-196EDF93A46A} = {A63683A9-B76A-4520-9D55-910F2C5A7A05}
		{79271273-CF51-4D5E-8551-9A07170F9DA2} = {5C175FCD-FAAE-4AD9-AEFE-16D3759A689E}
		{BEDA623A-6C22-4601-962F-90913A687D6B} = {5C175FCD-FAAE-4AD9-AEFE-16D3759A689E}
		{85239CCA-57BB-4164-8D9D-EBA964D9E09A} = {5C175FCD-FAAE-4AD9-AEFE-16D3759A689E}
		{0A541350-E2E1-4A97-901F-A9B4141BED60} = {5C175FCD-FAAE-4AD9-AEFE-16D3759A689E}
		{EB4DDAE5-8F30-42EA-97F5-1697A561144B} = {5C175FCD-FAAE-4AD9-AEFE-16D3759A689E}
		{22F31E13-413D-4BF9-9BCC-9EF419400611} = {172DDB00-678D-4C55-BA61-CBE742522E76}
		{57EBC925-510F-4F11-A55D-B91C81424C37} = {172DDB00-678D-4C55-BA61-CBE742522E76}
		{65C03646-4F22-489F-AB7C-E785F980A1EF} = {172DDB00-678D-4C55-BA61-CBE742522E76}
		{2E21F587-8D03-4550-B626-C2B9AF157DE2} = {172DDB00-678D-4C55-BA61-CBE742522E76}
		{90483FDB-469E-4454-B515-0907192979D7} = {172DDB00-678D-4C55-BA61-CBE742522E76}
		{B9F5635C-3C33-474C-8F05-9B0F056D9591} = {F83A90D9-AEEB-4437-A0F9-C9E684E7FC50}
		{DE1C7627-1E7C-4E2A-AB74-68FD36C857B8} = {F83A90D9-AEEB-4437-A0F9-C9E684E7FC50}
		{1ADCDE55-2A78-4AC1-AE21-860F8681CDE8} = {F83A90D9-AEEB-4437-A0F9-C9E684E7FC50}
		{9EB177C4-CF37-4A2C-80F9-F634105F65C7} = {F83A90D9-AEEB-4437-A0F9-C9E684E7FC50}
		{474B83FA-C600-4ECB-9CDA-249F9FE63432} = {F83A90D9-AEEB-4437-A0F9-C9E684E7FC50}
		{3616180F-9C07-4F1D-9A69-5B40A3B38074} = {BA390861-51C9-4734-A11B-ECF827DD98C1}
		{8008D8E5-747F-479D-8B3F-6F8B0CDB87ED} = {BA390861-51C9-4734-A11B-ECF827DD98C1}
		{604307C6-F9CE-488A-8BBF-0BFCA44F1EAB} = {BA390861-51C9-4734-A11B-ECF827DD98C1}
		{E6F64CD8-2DB6-4285-B886-24B97127399D} = {BA390861-51C9-4734-A11B-ECF827DD98C1}
		{3F454D30-4673-4471-87CF-A8EA3C12CE2F} = {BA390861-51C9-4734-A11B-ECF827DD98C1}
		{76A670C4-07AA-428B-80E7-DBE6FD064AE1} = {CA2E3155-BD19-4106-9F8A-ED6B495997D5}
		{577C2EAE-EF92-42D1-B199-A9E3D46E8E31} = {CA2E3155-BD19-4106-9F8A-ED6B495997D5}
		{C8572650-6363-409F-8EDA-5D8D99C3A43B} = {CA2E3155-BD19-4106-9F8A-ED6B495997D5}
		{FA78A5B1-BABA-4835-8D6E-0C9787AB87A7} = {CA2E3155-BD19-4106-9F8A-ED6B495997D5}
		{AA6D57AA-DACD-4519-84B2-B9C760426543} = {CA2E3155-BD19-4106-9F8A-ED6B495997D5}
		{31E5926B-8415-43B7-9FD5-D5ACA69D8927} = {C177F5E7-5CC6-4CC0-8F92-1A10718E2971}
		{6955D825-FC2F-4D8E-8DF2-331C139A349F} = {C177F5E7-5CC6-4CC0-8F92-1A10718E2971}
		{2760D886-B503-42EA-8EB0-7832751C0758} = {C177F5E7-5CC6-4CC0-8F92-1A10718E2971}
		{AD6F3C34-F394-4D69-98AB-D3590D4CEA2D} = {C177F5E7-5CC6-4CC0-8F92-1A10718E2971}
	EndGlobalSection
	GlobalSection(ExtensibilityGlobals) = postSolution
		SolutionGuid = {0D6F38F9-9D60-4829-8DB7-787AD2436B1F}
	EndGlobalSection
EndGlobal
