
Microsoft Visual Studio Solution File, Format Version 12.00
# Visual Studio Version 17
VisualStudioVersion = 17.0.31919.166
MinimumVisualStudioVersion = 10.0.40219.1
Project("{FAE04EC0-301F-11D3-BF4B-00C04F79EFBC}") = "CustomDataStructures", "CustomDataStructures\CustomDataStructures.csproj", "{A8ACB6DA-1F96-4FA1-AF2F-3CBFA5CA42D9}"
EndProject
Global
	GlobalSection(SolutionConfigurationPlatforms) = preSolution
		Debug|Any CPU = Debug|Any CPU
		Release|Any CPU = Release|Any CPU
	EndGlobalSection
	GlobalSection(ProjectConfigurationPlatforms) = postSolution
		{A8ACB6DA-1F96-4FA1-AF2F-3CBFA5CA42D9}.Debug|Any CPU.ActiveCfg = Debug|Any CPU
		{A8ACB6DA-1F96-4FA1-AF2F-3CBFA5CA42D9}.Debug|Any CPU.Build.0 = Debug|Any CPU
		{A8ACB6DA-1F96-4FA1-AF2F-3CBFA5CA42D9}.Release|Any CPU.ActiveCfg = Release|Any CPU
		{A8ACB6DA-1F96-4FA1-AF2F-3CBFA5CA42D9}.Release|Any CPU.Build.0 = Release|Any CPU
	EndGlobalSection
	GlobalSection(SolutionProperties) = preSolution
		HideSolutionNode = FALSE
	EndGlobalSection
	GlobalSection(ExtensibilityGlobals) = postSolution
		SolutionGuid = {EE1F09AC-B510-49DC-A4DF-32D4E9D39CFE}
	EndGlobalSection
EndGlobal
