
Microsoft Visual Studio Solution File, Format Version 12.00
# Visual Studio Version 17
VisualStudioVersion = 17.3.32811.315
MinimumVisualStudioVersion = 10.0.40219.1
Project("{9A19103F-16F7-4668-BE54-9A1E7A4F7556}") = "CollectionOfPersons.Tests", "CollectionOfPersons.Tests\CollectionOfPersons.Tests.csproj", "{FA90A12E-25D0-4EC0-ABC8-18112A35A337}"
EndProject
Project("{9A19103F-16F7-4668-BE54-9A1E7A4F7556}") = "CollectionOfPersons", "CollectionOfPersons\CollectionOfPersons.csproj", "{B2798674-96C7-445E-80A3-AA1D7EBCF55F}"
EndProject
Global
	GlobalSection(SolutionConfigurationPlatforms) = preSolution
		Debug|Any CPU = Debug|Any CPU
		Release|Any CPU = Release|Any CPU
	EndGlobalSection
	GlobalSection(ProjectConfigurationPlatforms) = postSolution
		{FA90A12E-25D0-4EC0-ABC8-18112A35A337}.Debug|Any CPU.ActiveCfg = Debug|Any CPU
		{FA90A12E-25D0-4EC0-ABC8-18112A35A337}.Debug|Any CPU.Build.0 = Debug|Any CPU
		{FA90A12E-25D0-4EC0-ABC8-18112A35A337}.Release|Any CPU.ActiveCfg = Release|Any CPU
		{FA90A12E-25D0-4EC0-ABC8-18112A35A337}.Release|Any CPU.Build.0 = Release|Any CPU
		{B2798674-96C7-445E-80A3-AA1D7EBCF55F}.Debug|Any CPU.ActiveCfg = Debug|Any CPU
		{B2798674-96C7-445E-80A3-AA1D7EBCF55F}.Debug|Any CPU.Build.0 = Debug|Any CPU
		{B2798674-96C7-445E-80A3-AA1D7EBCF55F}.Release|Any CPU.ActiveCfg = Release|Any CPU
		{B2798674-96C7-445E-80A3-AA1D7EBCF55F}.Release|Any CPU.Build.0 = Release|Any CPU
	EndGlobalSection
	GlobalSection(SolutionProperties) = preSolution
		HideSolutionNode = FALSE
	EndGlobalSection
	GlobalSection(ExtensibilityGlobals) = postSolution
		SolutionGuid = {68489725-5717-46A0-B305-B80CDC9C3E4D}
	EndGlobalSection
EndGlobal
