
Microsoft Visual Studio Solution File, Format Version 12.00
# Visual Studio Version 17
VisualStudioVersion = 17.2.32519.379
MinimumVisualStudioVersion = 10.0.40219.1
Project("{FAE04EC0-301F-11D3-BF4B-00C04F79EFBC}") = "SoftUni", "SoftUni.csproj", "{508816EF-F50A-4F21-A485-87E1065CA8AD}"
EndProject
Global
	GlobalSection(SolutionConfigurationPlatforms) = preSolution
		Debug|Any CPU = Debug|Any CPU
		Release|Any CPU = Release|Any CPU
	EndGlobalSection
	GlobalSection(ProjectConfigurationPlatforms) = postSolution
		{508816EF-F50A-4F21-A485-87E1065CA8AD}.Debug|Any CPU.ActiveCfg = Debug|Any CPU
		{508816EF-F50A-4F21-A485-87E1065CA8AD}.Debug|Any CPU.Build.0 = Debug|Any CPU
		{508816EF-F50A-4F21-A485-87E1065CA8AD}.Release|Any CPU.ActiveCfg = Release|Any CPU
		{508816EF-F50A-4F21-A485-87E1065CA8AD}.Release|Any CPU.Build.0 = Release|Any CPU
	EndGlobalSection
	GlobalSection(SolutionProperties) = preSolution
		HideSolutionNode = FALSE
	EndGlobalSection
	GlobalSection(ExtensibilityGlobals) = postSolution
		SolutionGuid = {5815E1AA-BD89-4838-AB0A-6B562476AE22}
	EndGlobalSection
EndGlobal
