
Microsoft Visual Studio Solution File, Format Version 12.00
# Visual Studio 15
VisualStudioVersion = 15.0.28307.106
MinimumVisualStudioVersion = 10.0.40219.1
Project("{9A19103F-16F7-4668-BE54-9A1E7A4F7556}") = "CarDealer", "CarDealer\CarDealer.csproj", "{C4A8D4B4-D187-4E31-8A2F-9AB6525D1D2F}"
EndProject
Global
	GlobalSection(SolutionConfigurationPlatforms) = preSolution
		Debug|Any CPU = Debug|Any CPU
		Release|Any CPU = Release|Any CPU
	EndGlobalSection
	GlobalSection(ProjectConfigurationPlatforms) = postSolution
		{C4A8D4B4-D187-4E31-8A2F-9AB6525D1D2F}.Debug|Any CPU.ActiveCfg = Debug|Any CPU
		{C4A8D4B4-D187-4E31-8A2F-9AB6525D1D2F}.Debug|Any CPU.Build.0 = Debug|Any CPU
		{C4A8D4B4-D187-4E31-8A2F-9AB6525D1D2F}.Release|Any CPU.ActiveCfg = Release|Any CPU
		{C4A8D4B4-D187-4E31-8A2F-9AB6525D1D2F}.Release|Any CPU.Build.0 = Release|Any CPU
	EndGlobalSection
	GlobalSection(SolutionProperties) = preSolution
		HideSolutionNode = FALSE
	EndGlobalSection
	GlobalSection(ExtensibilityGlobals) = postSolution
		SolutionGuid = {3258B4CB-D705-4DD1-9FEA-655155B96536}
	EndGlobalSection
EndGlobal
