
Microsoft Visual Studio Solution File, Format Version 12.00
# Visual Studio Version 16
VisualStudioVersion = 16.0.810.9
MinimumVisualStudioVersion = 10.0.40219.1
Project("{FAE04EC0-301F-11D3-BF4B-00C04F79EFBC}") = "L01.ConvertMetersToKilometers", "L01.ConvertMetersToKilometers\L01.ConvertMetersToKilometers.csproj", "{BDC6D8E9-1CFD-4028-A27D-6068325F2FC0}"
EndProject
Project("{FAE04EC0-301F-11D3-BF4B-00C04F79EFBC}") = "L02.PoundToDollar", "L02.PoundToDollar\L02.PoundToDollar.csproj", "{9A2FE84E-C3EF-4251-9E9F-3810693C2018}"
EndProject
Project("{FAE04EC0-301F-11D3-BF4B-00C04F79EFBC}") = "L03.ExactRealNumberSum", "L03.ExactRealNumberSum\L03.ExactRealNumberSum.csproj", "{5B035197-0DE9-494F-A5A9-926203795347}"
EndProject
Project("{FAE04EC0-301F-11D3-BF4B-00C04F79EFBC}") = "L04.CenturiesToMinutes", "L04.CenturiesToMinutes\L04.CenturiesToMinutes.csproj", "{88BD29DB-4E90-47A0-9947-9383E1D93905}"
EndProject
Project("{FAE04EC0-301F-11D3-BF4B-00C04F79EFBC}") = "L05.SpecialNumbers", "L05.SpecialNumbers\L05.SpecialNumbers.csproj", "{DFDE80EA-B626-48B2-8242-47600A79ECF6}"
EndProject
Project("{FAE04EC0-301F-11D3-BF4B-00C04F79EFBC}") = "L06.ReversedChars", "L06.ReversedChars\L06.ReversedChars.csproj", "{32213186-7B30-4A77-B2E6-934464A24348}"
EndProject
Project("{FAE04EC0-301F-11D3-BF4B-00C04F79EFBC}") = "L07.ConcatNames", "L07.ConcatNames\L07.ConcatNames.csproj", "{78E923BC-D404-49A9-8E2A-A22FD2BCB061}"
EndProject
Project("{FAE04EC0-301F-11D3-BF4B-00C04F79EFBC}") = "L08.TownInfo", "L08.TownInfo\L08.TownInfo.csproj", "{CF9686A8-829F-4F30-964A-45CD7A749B4C}"
EndProject
Project("{FAE04EC0-301F-11D3-BF4B-00C04F79EFBC}") = "L09.CharsString", "L09.CharsString\L09.CharsString.csproj", "{532C7732-387D-45DD-B8AA-CDBB7FC019EE}"
EndProject
Project("{FAE04EC0-301F-11D3-BF4B-00C04F79EFBC}") = "L10.LowerUpper", "L10.LowerUpper\L10.LowerUpper.csproj", "{0CFD60F9-2A20-4939-BB95-4244620F1E5F}"
EndProject
Project("{FAE04EC0-301F-11D3-BF4B-00C04F79EFBC}") = "L11.RefactorVolumePyramid", "L11.RefactorVolumePyramid\L11.RefactorVolumePyramid.csproj", "{A5D8529C-60D4-4197-BFB1-66F3CD99529C}"
EndProject
Project("{FAE04EC0-301F-11D3-BF4B-00C04F79EFBC}") = "L12.RefactorSpecialNumbers", "L12.RefactorSpecialNumbers\L12.RefactorSpecialNumbers.csproj", "{2F915C8F-17EC-4E3B-94AD-FCC1DFB30068}"
EndProject
Global
	GlobalSection(SolutionConfigurationPlatforms) = preSolution
		Debug|Any CPU = Debug|Any CPU
		Release|Any CPU = Release|Any CPU
	EndGlobalSection
	GlobalSection(ProjectConfigurationPlatforms) = postSolution
		{BDC6D8E9-1CFD-4028-A27D-6068325F2FC0}.Debug|Any CPU.ActiveCfg = Debug|Any CPU
		{BDC6D8E9-1CFD-4028-A27D-6068325F2FC0}.Debug|Any CPU.Build.0 = Debug|Any CPU
		{BDC6D8E9-1CFD-4028-A27D-6068325F2FC0}.Release|Any CPU.ActiveCfg = Release|Any CPU
		{BDC6D8E9-1CFD-4028-A27D-6068325F2FC0}.Release|Any CPU.Build.0 = Release|Any CPU
		{9A2FE84E-C3EF-4251-9E9F-3810693C2018}.Debug|Any CPU.ActiveCfg = Debug|Any CPU
		{9A2FE84E-C3EF-4251-9E9F-3810693C2018}.Debug|Any CPU.Build.0 = Debug|Any CPU
		{9A2FE84E-C3EF-4251-9E9F-3810693C2018}.Release|Any CPU.ActiveCfg = Release|Any CPU
		{9A2FE84E-C3EF-4251-9E9F-3810693C2018}.Release|Any CPU.Build.0 = Release|Any CPU
		{5B035197-0DE9-494F-A5A9-926203795347}.Debug|Any CPU.ActiveCfg = Debug|Any CPU
		{5B035197-0DE9-494F-A5A9-926203795347}.Debug|Any CPU.Build.0 = Debug|Any CPU
		{5B035197-0DE9-494F-A5A9-926203795347}.Release|Any CPU.ActiveCfg = Release|Any CPU
		{5B035197-0DE9-494F-A5A9-926203795347}.Release|Any CPU.Build.0 = Release|Any CPU
		{88BD29DB-4E90-47A0-9947-9383E1D93905}.Debug|Any CPU.ActiveCfg = Debug|Any CPU
		{88BD29DB-4E90-47A0-9947-9383E1D93905}.Debug|Any CPU.Build.0 = Debug|Any CPU
		{88BD29DB-4E90-47A0-9947-9383E1D93905}.Release|Any CPU.ActiveCfg = Release|Any CPU
		{88BD29DB-4E90-47A0-9947-9383E1D93905}.Release|Any CPU.Build.0 = Release|Any CPU
		{DFDE80EA-B626-48B2-8242-47600A79ECF6}.Debug|Any CPU.ActiveCfg = Debug|Any CPU
		{DFDE80EA-B626-48B2-8242-47600A79ECF6}.Debug|Any CPU.Build.0 = Debug|Any CPU
		{DFDE80EA-B626-48B2-8242-47600A79ECF6}.Release|Any CPU.ActiveCfg = Release|Any CPU
		{DFDE80EA-B626-48B2-8242-47600A79ECF6}.Release|Any CPU.Build.0 = Release|Any CPU
		{32213186-7B30-4A77-B2E6-934464A24348}.Debug|Any CPU.ActiveCfg = Debug|Any CPU
		{32213186-7B30-4A77-B2E6-934464A24348}.Debug|Any CPU.Build.0 = Debug|Any CPU
		{32213186-7B30-4A77-B2E6-934464A24348}.Release|Any CPU.ActiveCfg = Release|Any CPU
		{32213186-7B30-4A77-B2E6-934464A24348}.Release|Any CPU.Build.0 = Release|Any CPU
		{78E923BC-D404-49A9-8E2A-A22FD2BCB061}.Debug|Any CPU.ActiveCfg = Debug|Any CPU
		{78E923BC-D404-49A9-8E2A-A22FD2BCB061}.Debug|Any CPU.Build.0 = Debug|Any CPU
		{78E923BC-D404-49A9-8E2A-A22FD2BCB061}.Release|Any CPU.ActiveCfg = Release|Any CPU
		{78E923BC-D404-49A9-8E2A-A22FD2BCB061}.Release|Any CPU.Build.0 = Release|Any CPU
		{CF9686A8-829F-4F30-964A-45CD7A749B4C}.Debug|Any CPU.ActiveCfg = Debug|Any CPU
		{CF9686A8-829F-4F30-964A-45CD7A749B4C}.Debug|Any CPU.Build.0 = Debug|Any CPU
		{CF9686A8-829F-4F30-964A-45CD7A749B4C}.Release|Any CPU.ActiveCfg = Release|Any CPU
		{CF9686A8-829F-4F30-964A-45CD7A749B4C}.Release|Any CPU.Build.0 = Release|Any CPU
		{532C7732-387D-45DD-B8AA-CDBB7FC019EE}.Debug|Any CPU.ActiveCfg = Debug|Any CPU
		{532C7732-387D-45DD-B8AA-CDBB7FC019EE}.Debug|Any CPU.Build.0 = Debug|Any CPU
		{532C7732-387D-45DD-B8AA-CDBB7FC019EE}.Release|Any CPU.ActiveCfg = Release|Any CPU
		{532C7732-387D-45DD-B8AA-CDBB7FC019EE}.Release|Any CPU.Build.0 = Release|Any CPU
		{0CFD60F9-2A20-4939-BB95-4244620F1E5F}.Debug|Any CPU.ActiveCfg = Debug|Any CPU
		{0CFD60F9-2A20-4939-BB95-4244620F1E5F}.Debug|Any CPU.Build.0 = Debug|Any CPU
		{0CFD60F9-2A20-4939-BB95-4244620F1E5F}.Release|Any CPU.ActiveCfg = Release|Any CPU
		{0CFD60F9-2A20-4939-BB95-4244620F1E5F}.Release|Any CPU.Build.0 = Release|Any CPU
		{A5D8529C-60D4-4197-BFB1-66F3CD99529C}.Debug|Any CPU.ActiveCfg = Debug|Any CPU
		{A5D8529C-60D4-4197-BFB1-66F3CD99529C}.Debug|Any CPU.Build.0 = Debug|Any CPU
		{A5D8529C-60D4-4197-BFB1-66F3CD99529C}.Release|Any CPU.ActiveCfg = Release|Any CPU
		{A5D8529C-60D4-4197-BFB1-66F3CD99529C}.Release|Any CPU.Build.0 = Release|Any CPU
		{2F915C8F-17EC-4E3B-94AD-FCC1DFB30068}.Debug|Any CPU.ActiveCfg = Debug|Any CPU
		{2F915C8F-17EC-4E3B-94AD-FCC1DFB30068}.Debug|Any CPU.Build.0 = Debug|Any CPU
		{2F915C8F-17EC-4E3B-94AD-FCC1DFB30068}.Release|Any CPU.ActiveCfg = Release|Any CPU
		{2F915C8F-17EC-4E3B-94AD-FCC1DFB30068}.Release|Any CPU.Build.0 = Release|Any CPU
	EndGlobalSection
	GlobalSection(SolutionProperties) = preSolution
		HideSolutionNode = FALSE
	EndGlobalSection
	GlobalSection(ExtensibilityGlobals) = postSolution
		SolutionGuid = {84AD4298-AC69-4A2A-B735-A6D01FD22F29}
	EndGlobalSection
EndGlobal
