
Microsoft Visual Studio Solution File, Format Version 12.00
# Visual Studio Version 16
VisualStudioVersion = 16.0.810.11
MinimumVisualStudioVersion = 10.0.40219.1
Project("{FAE04EC0-301F-11D3-BF4B-00C04F79EFBC}") = "L01.RandomizeWords", "L01.RandomizeWords\L01.RandomizeWords.csproj", "{9A253C83-A77C-4726-A4EE-2BAF00723955}"
EndProject
Project("{FAE04EC0-301F-11D3-BF4B-00C04F79EFBC}") = "L02.BigFactorial", "L02.BigFactorial\L02.BigFactorial.csproj", "{9D0C5B99-A563-4181-84F5-B77103E9B680}"
EndProject
Project("{FAE04EC0-301F-11D3-BF4B-00C04F79EFBC}") = "L03.Songs", "L03.Songs\L03.Songs.csproj", "{210B6DDC-4F21-495A-AFA3-713A90410B74}"
EndProject
Project("{FAE04EC0-301F-11D3-BF4B-00C04F79EFBC}") = "L04.Students", "L04.Students\L04.Students.csproj", "{CC8143D3-7111-40E9-9828-55A74770E4CF}"
EndProject
Project("{FAE04EC0-301F-11D3-BF4B-00C04F79EFBC}") = "L05.Sudents2.0", "L05.Sudents2.0\L05.Sudents2.0.csproj", "{BF958DDC-F41F-4F4E-90D6-E5AD371706AF}"
EndProject
Project("{FAE04EC0-301F-11D3-BF4B-00C04F79EFBC}") = "L06.StoreBoxes", "L06.StoreBoxes\L06.StoreBoxes.csproj", "{4FBE91C8-543C-4B47-BEA3-1082B158B67B}"
EndProject
Project("{FAE04EC0-301F-11D3-BF4B-00C04F79EFBC}") = "L07.VehicleCatalogue", "L07.VehicleCatalogue\L07.VehicleCatalogue.csproj", "{4EC73C47-FE74-4DDE-AB6B-14B0F7B91631}"
EndProject
Global
	GlobalSection(SolutionConfigurationPlatforms) = preSolution
		Debug|Any CPU = Debug|Any CPU
		Release|Any CPU = Release|Any CPU
	EndGlobalSection
	GlobalSection(ProjectConfigurationPlatforms) = postSolution
		{9A253C83-A77C-4726-A4EE-2BAF00723955}.Debug|Any CPU.ActiveCfg = Debug|Any CPU
		{9A253C83-A77C-4726-A4EE-2BAF00723955}.Debug|Any CPU.Build.0 = Debug|Any CPU
		{9A253C83-A77C-4726-A4EE-2BAF00723955}.Release|Any CPU.ActiveCfg = Release|Any CPU
		{9A253C83-A77C-4726-A4EE-2BAF00723955}.Release|Any CPU.Build.0 = Release|Any CPU
		{9D0C5B99-A563-4181-84F5-B77103E9B680}.Debug|Any CPU.ActiveCfg = Debug|Any CPU
		{9D0C5B99-A563-4181-84F5-B77103E9B680}.Debug|Any CPU.Build.0 = Debug|Any CPU
		{9D0C5B99-A563-4181-84F5-B77103E9B680}.Release|Any CPU.ActiveCfg = Release|Any CPU
		{9D0C5B99-A563-4181-84F5-B77103E9B680}.Release|Any CPU.Build.0 = Release|Any CPU
		{210B6DDC-4F21-495A-AFA3-713A90410B74}.Debug|Any CPU.ActiveCfg = Debug|Any CPU
		{210B6DDC-4F21-495A-AFA3-713A90410B74}.Debug|Any CPU.Build.0 = Debug|Any CPU
		{210B6DDC-4F21-495A-AFA3-713A90410B74}.Release|Any CPU.ActiveCfg = Release|Any CPU
		{210B6DDC-4F21-495A-AFA3-713A90410B74}.Release|Any CPU.Build.0 = Release|Any CPU
		{CC8143D3-7111-40E9-9828-55A74770E4CF}.Debug|Any CPU.ActiveCfg = Debug|Any CPU
		{CC8143D3-7111-40E9-9828-55A74770E4CF}.Debug|Any CPU.Build.0 = Debug|Any CPU
		{CC8143D3-7111-40E9-9828-55A74770E4CF}.Release|Any CPU.ActiveCfg = Release|Any CPU
		{CC8143D3-7111-40E9-9828-55A74770E4CF}.Release|Any CPU.Build.0 = Release|Any CPU
		{BF958DDC-F41F-4F4E-90D6-E5AD371706AF}.Debug|Any CPU.ActiveCfg = Debug|Any CPU
		{BF958DDC-F41F-4F4E-90D6-E5AD371706AF}.Debug|Any CPU.Build.0 = Debug|Any CPU
		{BF958DDC-F41F-4F4E-90D6-E5AD371706AF}.Release|Any CPU.ActiveCfg = Release|Any CPU
		{BF958DDC-F41F-4F4E-90D6-E5AD371706AF}.Release|Any CPU.Build.0 = Release|Any CPU
		{4FBE91C8-543C-4B47-BEA3-1082B158B67B}.Debug|Any CPU.ActiveCfg = Debug|Any CPU
		{4FBE91C8-543C-4B47-BEA3-1082B158B67B}.Debug|Any CPU.Build.0 = Debug|Any CPU
		{4FBE91C8-543C-4B47-BEA3-1082B158B67B}.Release|Any CPU.ActiveCfg = Release|Any CPU
		{4FBE91C8-543C-4B47-BEA3-1082B158B67B}.Release|Any CPU.Build.0 = Release|Any CPU
		{4EC73C47-FE74-4DDE-AB6B-14B0F7B91631}.Debug|Any CPU.ActiveCfg = Debug|Any CPU
		{4EC73C47-FE74-4DDE-AB6B-14B0F7B91631}.Debug|Any CPU.Build.0 = Debug|Any CPU
		{4EC73C47-FE74-4DDE-AB6B-14B0F7B91631}.Release|Any CPU.ActiveCfg = Release|Any CPU
		{4EC73C47-FE74-4DDE-AB6B-14B0F7B91631}.Release|Any CPU.Build.0 = Release|Any CPU
	EndGlobalSection
	GlobalSection(SolutionProperties) = preSolution
		HideSolutionNode = FALSE
	EndGlobalSection
	GlobalSection(ExtensibilityGlobals) = postSolution
		SolutionGuid = {FF12516E-6712-4FEE-8600-59D0BF1E8F64}
	EndGlobalSection
EndGlobal
