
Microsoft Visual Studio Solution File, Format Version 12.00
# Visual Studio Version 16
VisualStudioVersion = 16.0.810.10
MinimumVisualStudioVersion = 10.0.40219.1
Project("{FAE04EC0-301F-11D3-BF4B-00C04F79EFBC}") = "L01.IntegerNumberSign", "L01.IntegerNumberSign\L01.IntegerNumberSign.csproj", "{EA052997-8DE7-4FA9-93CE-C3A4A527F70E}"
EndProject
Project("{FAE04EC0-301F-11D3-BF4B-00C04F79EFBC}") = "L02.Grades", "L02.Grades\L02.Grades.csproj", "{6981831F-59F4-4406-8FAD-29962A8D8D49}"
EndProject
Project("{FAE04EC0-301F-11D3-BF4B-00C04F79EFBC}") = "L03.Calculations", "L03.Calculations\L03.Calculations.csproj", "{09D66BFA-989E-40C9-B0D4-2CEAD44690E5}"
EndProject
Project("{FAE04EC0-301F-11D3-BF4B-00C04F79EFBC}") = "L04.PrintingTriangle", "L04.PrintingTriangle\L04.PrintingTriangle.csproj", "{8E670749-44FF-416B-8399-0E13ED19C6C5}"
EndProject
Project("{FAE04EC0-301F-11D3-BF4B-00C04F79EFBC}") = "L05.Orders", "L05.Orders\L05.Orders.csproj", "{181E0215-D7AB-4316-B939-4DED63301498}"
EndProject
Project("{FAE04EC0-301F-11D3-BF4B-00C04F79EFBC}") = "L06.CalculateRectangleArea", "L06.CalculateRectangleArea\L06.CalculateRectangleArea.csproj", "{CCBCA3A2-3DC4-4892-B4FB-EEA49A628343}"
EndProject
Project("{FAE04EC0-301F-11D3-BF4B-00C04F79EFBC}") = "L07.RepeatString", "L07.RepeatString\L07.RepeatString.csproj", "{7B9114DA-09E0-4C2E-8DDC-E1B72B3CC99A}"
EndProject
Project("{FAE04EC0-301F-11D3-BF4B-00C04F79EFBC}") = "L08.MathPower", "L08.MathPower\L08.MathPower.csproj", "{B4BA82F1-107A-42C3-AD13-6A71600C91DB}"
EndProject
Project("{FAE04EC0-301F-11D3-BF4B-00C04F79EFBC}") = "L09.GreaterOfTwoNumbers", "L09.GreaterOfTwoNumbers\L09.GreaterOfTwoNumbers.csproj", "{91E7CB77-FCF5-43E1-8CA0-C3CD3B67745F}"
EndProject
Project("{FAE04EC0-301F-11D3-BF4B-00C04F79EFBC}") = "L10.MultiplyEvenOdd", "L10.MultiplyEvenOdd\L10.MultiplyEvenOdd.csproj", "{279630BD-50F9-4789-8CEC-F924C3BC8BD1}"
EndProject
Project("{FAE04EC0-301F-11D3-BF4B-00C04F79EFBC}") = "L11.MathOperations", "L11.MathOperations\L11.MathOperations.csproj", "{52546805-B11B-4B7C-A584-2B6E709002D8}"
EndProject
Global
	GlobalSection(SolutionConfigurationPlatforms) = preSolution
		Debug|Any CPU = Debug|Any CPU
		Release|Any CPU = Release|Any CPU
	EndGlobalSection
	GlobalSection(ProjectConfigurationPlatforms) = postSolution
		{EA052997-8DE7-4FA9-93CE-C3A4A527F70E}.Debug|Any CPU.ActiveCfg = Debug|Any CPU
		{EA052997-8DE7-4FA9-93CE-C3A4A527F70E}.Debug|Any CPU.Build.0 = Debug|Any CPU
		{EA052997-8DE7-4FA9-93CE-C3A4A527F70E}.Release|Any CPU.ActiveCfg = Release|Any CPU
		{EA052997-8DE7-4FA9-93CE-C3A4A527F70E}.Release|Any CPU.Build.0 = Release|Any CPU
		{6981831F-59F4-4406-8FAD-29962A8D8D49}.Debug|Any CPU.ActiveCfg = Debug|Any CPU
		{6981831F-59F4-4406-8FAD-29962A8D8D49}.Debug|Any CPU.Build.0 = Debug|Any CPU
		{6981831F-59F4-4406-8FAD-29962A8D8D49}.Release|Any CPU.ActiveCfg = Release|Any CPU
		{6981831F-59F4-4406-8FAD-29962A8D8D49}.Release|Any CPU.Build.0 = Release|Any CPU
		{09D66BFA-989E-40C9-B0D4-2CEAD44690E5}.Debug|Any CPU.ActiveCfg = Debug|Any CPU
		{09D66BFA-989E-40C9-B0D4-2CEAD44690E5}.Debug|Any CPU.Build.0 = Debug|Any CPU
		{09D66BFA-989E-40C9-B0D4-2CEAD44690E5}.Release|Any CPU.ActiveCfg = Release|Any CPU
		{09D66BFA-989E-40C9-B0D4-2CEAD44690E5}.Release|Any CPU.Build.0 = Release|Any CPU
		{8E670749-44FF-416B-8399-0E13ED19C6C5}.Debug|Any CPU.ActiveCfg = Debug|Any CPU
		{8E670749-44FF-416B-8399-0E13ED19C6C5}.Debug|Any CPU.Build.0 = Debug|Any CPU
		{8E670749-44FF-416B-8399-0E13ED19C6C5}.Release|Any CPU.ActiveCfg = Release|Any CPU
		{8E670749-44FF-416B-8399-0E13ED19C6C5}.Release|Any CPU.Build.0 = Release|Any CPU
		{181E0215-D7AB-4316-B939-4DED63301498}.Debug|Any CPU.ActiveCfg = Debug|Any CPU
		{181E0215-D7AB-4316-B939-4DED63301498}.Debug|Any CPU.Build.0 = Debug|Any CPU
		{181E0215-D7AB-4316-B939-4DED63301498}.Release|Any CPU.ActiveCfg = Release|Any CPU
		{181E0215-D7AB-4316-B939-4DED63301498}.Release|Any CPU.Build.0 = Release|Any CPU
		{CCBCA3A2-3DC4-4892-B4FB-EEA49A628343}.Debug|Any CPU.ActiveCfg = Debug|Any CPU
		{CCBCA3A2-3DC4-4892-B4FB-EEA49A628343}.Debug|Any CPU.Build.0 = Debug|Any CPU
		{CCBCA3A2-3DC4-4892-B4FB-EEA49A628343}.Release|Any CPU.ActiveCfg = Release|Any CPU
		{CCBCA3A2-3DC4-4892-B4FB-EEA49A628343}.Release|Any CPU.Build.0 = Release|Any CPU
		{7B9114DA-09E0-4C2E-8DDC-E1B72B3CC99A}.Debug|Any CPU.ActiveCfg = Debug|Any CPU
		{7B9114DA-09E0-4C2E-8DDC-E1B72B3CC99A}.Debug|Any CPU.Build.0 = Debug|Any CPU
		{7B9114DA-09E0-4C2E-8DDC-E1B72B3CC99A}.Release|Any CPU.ActiveCfg = Release|Any CPU
		{7B9114DA-09E0-4C2E-8DDC-E1B72B3CC99A}.Release|Any CPU.Build.0 = Release|Any CPU
		{B4BA82F1-107A-42C3-AD13-6A71600C91DB}.Debug|Any CPU.ActiveCfg = Debug|Any CPU
		{B4BA82F1-107A-42C3-AD13-6A71600C91DB}.Debug|Any CPU.Build.0 = Debug|Any CPU
		{B4BA82F1-107A-42C3-AD13-6A71600C91DB}.Release|Any CPU.ActiveCfg = Release|Any CPU
		{B4BA82F1-107A-42C3-AD13-6A71600C91DB}.Release|Any CPU.Build.0 = Release|Any CPU
		{91E7CB77-FCF5-43E1-8CA0-C3CD3B67745F}.Debug|Any CPU.ActiveCfg = Debug|Any CPU
		{91E7CB77-FCF5-43E1-8CA0-C3CD3B67745F}.Debug|Any CPU.Build.0 = Debug|Any CPU
		{91E7CB77-FCF5-43E1-8CA0-C3CD3B67745F}.Release|Any CPU.ActiveCfg = Release|Any CPU
		{91E7CB77-FCF5-43E1-8CA0-C3CD3B67745F}.Release|Any CPU.Build.0 = Release|Any CPU
		{279630BD-50F9-4789-8CEC-F924C3BC8BD1}.Debug|Any CPU.ActiveCfg = Debug|Any CPU
		{279630BD-50F9-4789-8CEC-F924C3BC8BD1}.Debug|Any CPU.Build.0 = Debug|Any CPU
		{279630BD-50F9-4789-8CEC-F924C3BC8BD1}.Release|Any CPU.ActiveCfg = Release|Any CPU
		{279630BD-50F9-4789-8CEC-F924C3BC8BD1}.Release|Any CPU.Build.0 = Release|Any CPU
		{52546805-B11B-4B7C-A584-2B6E709002D8}.Debug|Any CPU.ActiveCfg = Debug|Any CPU
		{52546805-B11B-4B7C-A584-2B6E709002D8}.Debug|Any CPU.Build.0 = Debug|Any CPU
		{52546805-B11B-4B7C-A584-2B6E709002D8}.Release|Any CPU.ActiveCfg = Release|Any CPU
		{52546805-B11B-4B7C-A584-2B6E709002D8}.Release|Any CPU.Build.0 = Release|Any CPU
	EndGlobalSection
	GlobalSection(SolutionProperties) = preSolution
		HideSolutionNode = FALSE
	EndGlobalSection
	GlobalSection(ExtensibilityGlobals) = postSolution
		SolutionGuid = {E254189C-4BD9-4798-A9F8-884F8DF69540}
	EndGlobalSection
EndGlobal
