
Microsoft Visual Studio Solution File, Format Version 12.00
# Visual Studio Version 16
VisualStudioVersion = 16.0.810.11
MinimumVisualStudioVersion = 10.0.40219.1
Project("{FAE04EC0-301F-11D3-BF4B-00C04F79EFBC}") = "EXAM01.ExperienceGaining", "EXAM01.ExperienceGaining\EXAM01.ExperienceGaining.csproj", "{DF37E5A7-04E5-4DF8-BD30-7731FC0B9AEB}"
EndProject
Project("{FAE04EC0-301F-11D3-BF4B-00C04F79EFBC}") = "EXAM02.Numbers", "EXAM02.Numbers\EXAM02.Numbers.csproj", "{51406E7D-782E-4FBE-A6EF-806EDB427B40}"
EndProject
Project("{FAE04EC0-301F-11D3-BF4B-00C04F79EFBC}") = "EXAM03.TheAngryCat", "EXAM03.TheAngryCat\EXAM03.TheAngryCat.csproj", "{6F6190EB-49E8-47F8-AB90-6AAD74626458}"
EndProject
Global
	GlobalSection(SolutionConfigurationPlatforms) = preSolution
		Debug|Any CPU = Debug|Any CPU
		Release|Any CPU = Release|Any CPU
	EndGlobalSection
	GlobalSection(ProjectConfigurationPlatforms) = postSolution
		{DF37E5A7-04E5-4DF8-BD30-7731FC0B9AEB}.Debug|Any CPU.ActiveCfg = Debug|Any CPU
		{DF37E5A7-04E5-4DF8-BD30-7731FC0B9AEB}.Debug|Any CPU.Build.0 = Debug|Any CPU
		{DF37E5A7-04E5-4DF8-BD30-7731FC0B9AEB}.Release|Any CPU.ActiveCfg = Release|Any CPU
		{DF37E5A7-04E5-4DF8-BD30-7731FC0B9AEB}.Release|Any CPU.Build.0 = Release|Any CPU
		{51406E7D-782E-4FBE-A6EF-806EDB427B40}.Debug|Any CPU.ActiveCfg = Debug|Any CPU
		{51406E7D-782E-4FBE-A6EF-806EDB427B40}.Debug|Any CPU.Build.0 = Debug|Any CPU
		{51406E7D-782E-4FBE-A6EF-806EDB427B40}.Release|Any CPU.ActiveCfg = Release|Any CPU
		{51406E7D-782E-4FBE-A6EF-806EDB427B40}.Release|Any CPU.Build.0 = Release|Any CPU
		{6F6190EB-49E8-47F8-AB90-6AAD74626458}.Debug|Any CPU.ActiveCfg = Debug|Any CPU
		{6F6190EB-49E8-47F8-AB90-6AAD74626458}.Debug|Any CPU.Build.0 = Debug|Any CPU
		{6F6190EB-49E8-47F8-AB90-6AAD74626458}.Release|Any CPU.ActiveCfg = Release|Any CPU
		{6F6190EB-49E8-47F8-AB90-6AAD74626458}.Release|Any CPU.Build.0 = Release|Any CPU
	EndGlobalSection
	GlobalSection(SolutionProperties) = preSolution
		HideSolutionNode = FALSE
	EndGlobalSection
	GlobalSection(ExtensibilityGlobals) = postSolution
		SolutionGuid = {EB4C4563-0BBB-48F2-8E80-41CE37F2E8D9}
	EndGlobalSection
EndGlobal
