
Microsoft Visual Studio Solution File, Format Version 12.00
# Visual Studio Version 17
VisualStudioVersion = 17.2.32519.379
MinimumVisualStudioVersion = 10.0.40219.1
Project("{9A19103F-16F7-4668-BE54-9A1E7A4F7556}") = "01.RedBlackTree", "01.RedBlackTree\01.RedBlackTree.csproj", "{9ABDA731-6861-4659-AE66-4ABC8CE013AE}"
EndProject
Project("{9A19103F-16F7-4668-BE54-9A1E7A4F7556}") = "01.RedBlackTree.Tests", "01.RedBlackTree.Tests\01.RedBlackTree.Tests.csproj", "{E337128B-7568-4961-8683-1305DD5E17B2}"
EndProject
Global
	GlobalSection(SolutionConfigurationPlatforms) = preSolution
		Debug|Any CPU = Debug|Any CPU
		Release|Any CPU = Release|Any CPU
	EndGlobalSection
	GlobalSection(ProjectConfigurationPlatforms) = postSolution
		{9ABDA731-6861-4659-AE66-4ABC8CE013AE}.Debug|Any CPU.ActiveCfg = Debug|Any CPU
		{9ABDA731-6861-4659-AE66-4ABC8CE013AE}.Debug|Any CPU.Build.0 = Debug|Any CPU
		{9ABDA731-6861-4659-AE66-4ABC8CE013AE}.Release|Any CPU.ActiveCfg = Release|Any CPU
		{9ABDA731-6861-4659-AE66-4ABC8CE013AE}.Release|Any CPU.Build.0 = Release|Any CPU
		{E337128B-7568-4961-8683-1305DD5E17B2}.Debug|Any CPU.ActiveCfg = Debug|Any CPU
		{E337128B-7568-4961-8683-1305DD5E17B2}.Debug|Any CPU.Build.0 = Debug|Any CPU
		{E337128B-7568-4961-8683-1305DD5E17B2}.Release|Any CPU.ActiveCfg = Release|Any CPU
		{E337128B-7568-4961-8683-1305DD5E17B2}.Release|Any CPU.Build.0 = Release|Any CPU
	EndGlobalSection
	GlobalSection(SolutionProperties) = preSolution
		HideSolutionNode = FALSE
	EndGlobalSection
	GlobalSection(ExtensibilityGlobals) = postSolution
		SolutionGuid = {EB380921-8515-4C55-8594-0C5B67013B31}
	EndGlobalSection
EndGlobal
