
Microsoft Visual Studio Solution File, Format Version 12.00
# Visual Studio Version 17
VisualStudioVersion = 17.3.32811.315
MinimumVisualStudioVersion = 10.0.40219.1
Project("{9A19103F-16F7-4668-BE54-9A1E7A4F7556}") = "01.RoyaleArena", "01.RoyaleArena\01.RoyaleArena.csproj", "{896218DF-43F3-4537-8CD8-E74CE150161F}"
EndProject
Project("{9A19103F-16F7-4668-BE54-9A1E7A4F7556}") = "01.RoyaleArena.Tests", "01.RoyaleArena.Tests\01.RoyaleArena.Tests.csproj", "{AAFCC6E1-BB41-4694-9161-B9E35F3D2A53}"
EndProject
Project("{FAE04EC0-301F-11D3-BF4B-00C04F79EFBC}") = "02.WordCruncher", "02.WordCruncher\02.WordCruncher.csproj", "{918FC660-4D97-4710-99A6-934FC96758E5}"
EndProject
Global
	GlobalSection(SolutionConfigurationPlatforms) = preSolution
		Debug|Any CPU = Debug|Any CPU
		Release|Any CPU = Release|Any CPU
	EndGlobalSection
	GlobalSection(ProjectConfigurationPlatforms) = postSolution
		{896218DF-43F3-4537-8CD8-E74CE150161F}.Debug|Any CPU.ActiveCfg = Debug|Any CPU
		{896218DF-43F3-4537-8CD8-E74CE150161F}.Debug|Any CPU.Build.0 = Debug|Any CPU
		{896218DF-43F3-4537-8CD8-E74CE150161F}.Release|Any CPU.ActiveCfg = Release|Any CPU
		{896218DF-43F3-4537-8CD8-E74CE150161F}.Release|Any CPU.Build.0 = Release|Any CPU
		{AAFCC6E1-BB41-4694-9161-B9E35F3D2A53}.Debug|Any CPU.ActiveCfg = Debug|Any CPU
		{AAFCC6E1-BB41-4694-9161-B9E35F3D2A53}.Debug|Any CPU.Build.0 = Debug|Any CPU
		{AAFCC6E1-BB41-4694-9161-B9E35F3D2A53}.Release|Any CPU.ActiveCfg = Release|Any CPU
		{AAFCC6E1-BB41-4694-9161-B9E35F3D2A53}.Release|Any CPU.Build.0 = Release|Any CPU
		{918FC660-4D97-4710-99A6-934FC96758E5}.Debug|Any CPU.ActiveCfg = Debug|Any CPU
		{918FC660-4D97-4710-99A6-934FC96758E5}.Debug|Any CPU.Build.0 = Debug|Any CPU
		{918FC660-4D97-4710-99A6-934FC96758E5}.Release|Any CPU.ActiveCfg = Release|Any CPU
		{918FC660-4D97-4710-99A6-934FC96758E5}.Release|Any CPU.Build.0 = Release|Any CPU
	EndGlobalSection
	GlobalSection(SolutionProperties) = preSolution
		HideSolutionNode = FALSE
	EndGlobalSection
	GlobalSection(ExtensibilityGlobals) = postSolution
		SolutionGuid = {BC980E0A-B0A0-410B-882C-E93FD2D7CB70}
	EndGlobalSection
EndGlobal
