
Microsoft Visual Studio Solution File, Format Version 12.00
# Visual Studio Version 17
VisualStudioVersion = 17.0.32112.339
MinimumVisualStudioVersion = 10.0.40219.1
Project("{FAE04EC0-301F-11D3-BF4B-00C04F79EFBC}") = "RPGTesting", "RPGTesting\RPGTesting.csproj", "{E14A2173-1BAC-40EE-8432-C9C56D806FC4}"
EndProject
Project("{FAE04EC0-301F-11D3-BF4B-00C04F79EFBC}") = "RPGTestring.Tests", "RPGTestring.Tests\RPGTestring.Tests.csproj", "{980C8AD1-C4A2-4825-A6C4-4BEBF6E89CAF}"
EndProject
Global
	GlobalSection(SolutionConfigurationPlatforms) = preSolution
		Debug|Any CPU = Debug|Any CPU
		Release|Any CPU = Release|Any CPU
	EndGlobalSection
	GlobalSection(ProjectConfigurationPlatforms) = postSolution
		{E14A2173-1BAC-40EE-8432-C9C56D806FC4}.Debug|Any CPU.ActiveCfg = Debug|Any CPU
		{E14A2173-1BAC-40EE-8432-C9C56D806FC4}.Debug|Any CPU.Build.0 = Debug|Any CPU
		{E14A2173-1BAC-40EE-8432-C9C56D806FC4}.Release|Any CPU.ActiveCfg = Release|Any CPU
		{E14A2173-1BAC-40EE-8432-C9C56D806FC4}.Release|Any CPU.Build.0 = Release|Any CPU
		{980C8AD1-C4A2-4825-A6C4-4BEBF6E89CAF}.Debug|Any CPU.ActiveCfg = Debug|Any CPU
		{980C8AD1-C4A2-4825-A6C4-4BEBF6E89CAF}.Debug|Any CPU.Build.0 = Debug|Any CPU
		{980C8AD1-C4A2-4825-A6C4-4BEBF6E89CAF}.Release|Any CPU.ActiveCfg = Release|Any CPU
		{980C8AD1-C4A2-4825-A6C4-4BEBF6E89CAF}.Release|Any CPU.Build.0 = Release|Any CPU
	EndGlobalSection
	GlobalSection(SolutionProperties) = preSolution
		HideSolutionNode = FALSE
	EndGlobalSection
	GlobalSection(ExtensibilityGlobals) = postSolution
		SolutionGuid = {7132C635-2BA9-4C31-901E-16866DC3BD1D}
	EndGlobalSection
EndGlobal
